// !$*UTF8*$!
{
	archiveVersion = 1;
	classes = {
	};
	objectVersion = 50;
	objects = {

/* Begin PBXBuildFile section */
		783F96B622F0175200A4DA9B /* AppDelegate.swift in Sources */ = {isa = PBXBuildFile; fileRef = 783F96B522F0175200A4DA9B /* AppDelegate.swift */; };
		783F96B822F0175200A4DA9B /* ViewController.swift in Sources */ = {isa = PBXBuildFile; fileRef = 783F96B722F0175200A4DA9B /* ViewController.swift */; };
		783F96BB22F0175200A4DA9B /* Main.storyboard in Resources */ = {isa = PBXBuildFile; fileRef = 783F96B922F0175200A4DA9B /* Main.storyboard */; };
		783F96BD22F0175400A4DA9B /* Assets.xcassets in Resources */ = {isa = PBXBuildFile; fileRef = 783F96BC22F0175400A4DA9B /* Assets.xcassets */; };
		783F96C022F0175400A4DA9B /* LaunchScreen.storyboard in Resources */ = {isa = PBXBuildFile; fileRef = 783F96BE22F0175400A4DA9B /* LaunchScreen.storyboard */; };
		783F96C822F0178900A4DA9B /* BigImageViewer.swift in Sources */ = {isa = PBXBuildFile; fileRef = 783F96C722F0178900A4DA9B /* BigImageViewer.swift */; };
/* End PBXBuildFile section */

/* Begin PBXFileReference section */
		783F96B222F0175200A4DA9B /* BigImageViewer.app */ = {isa = PBXFileReference; explicitFileType = wrapper.application; includeInIndex = 0; path = BigImageViewer.app; sourceTree = BUILT_PRODUCTS_DIR; };
		783F96B522F0175200A4DA9B /* AppDelegate.swift */ = {isa = PBXFileReference; lastKnownFileType = sourcecode.swift; path = AppDelegate.swift; sourceTree = "<group>"; };
		783F96B722F0175200A4DA9B /* ViewController.swift */ = {isa = PBXFileReference; lastKnownFileType = sourcecode.swift; path = ViewController.swift; sourceTree = "<group>"; };
		783F96BA22F0175200A4DA9B /* Base */ = {isa = PBXFileReference; lastKnownFileType = file.storyboard; name = Base; path = Base.lproj/Main.storyboard; sourceTree = "<group>"; };
		783F96BC22F0175400A4DA9B /* Assets.xcassets */ = {isa = PBXFileReference; lastKnownFileType = folder.assetcatalog; path = Assets.xcassets; sourceTree = "<group>"; };
		783F96BF22F0175400A4DA9B /* Base */ = {isa = PBXFileReference; lastKnownFileType = file.storyboard; name = Base; path = Base.lproj/LaunchScreen.storyboard; sourceTree = "<group>"; };
		783F96C122F0175400A4DA9B /* Info.plist */ = {isa = PBXFileReference; lastKnownFileType = text.plist.xml; path = Info.plist; sourceTree = "<group>"; };
		783F96C722F0178900A4DA9B /* BigImageViewer.swift */ = {isa = PBXFileReference; lastKnownFileType = sourcecode.swift; path = BigImageViewer.swift; sourceTree = "<group>"; };
/* End PBXFileReference section */

/* Begin PBXFrameworksBuildPhase section */
		783F96AF22F0175200A4DA9B /* Frameworks */ = {
			isa = PBXFrameworksBuildPhase;
			buildActionMask = 2147483647;
			files = (
			);
			runOnlyForDeploymentPostprocessing = 0;
		};
/* End PBXFrameworksBuildPhase section */

/* Begin PBXGroup section */
		783F96A922F0175200A4DA9B = {
			isa = PBXGroup;
			children = (
				783F96B422F0175200A4DA9B /* BigImageViewer */,
				783F96B322F0175200A4DA9B /* Products */,
			);
			sourceTree = "<group>";
		};
		783F96B322F0175200A4DA9B /* Products */ = {
			isa = PBXGroup;
			children = (
				783F96B222F0175200A4DA9B /* BigImageViewer.app */,
			);
			name = Products;
			sourceTree = "<group>";
		};
		783F96B422F0175200A4DA9B /* BigImageViewer */ = {
			isa = PBXGroup;
			children = (
				783F96C722F0178900A4DA9B /* BigImageViewer.swift */,
				783F96B522F0175200A4DA9B /* AppDelegate.swift */,
				783F96B722F0175200A4DA9B /* ViewController.swift */,
				783F96B922F0175200A4DA9B /* Main.storyboard */,
				783F96BC22F0175400A4DA9B /* Assets.xcassets */,
				783F96BE22F0175400A4DA9B /* LaunchScreen.storyboard */,
				783F96C122F0175400A4DA9B /* Info.plist */,
			);
			path = BigImageViewer;
			sourceTree = "<group>";
		};
/* End PBXGroup section */

/* Begin PBXNativeTarget section */
		783F96B122F0175200A4DA9B /* BigImageViewer */ = {
			isa = PBXNativeTarget;
			buildConfigurationList = 783F96C422F0175400A4DA9B /* Build configuration list for PBXNativeTarget "BigImageViewer" */;
			buildPhases = (
				783F96AE22F0175200A4DA9B /* Sources */,
				783F96AF22F0175200A4DA9B /* Frameworks */,
				783F96B022F0175200A4DA9B /* Resources */,
			);
			buildRules = (
			);
			dependencies = (
			);
			name = BigImageViewer;
			productName = BigImageViewer;
			productReference = 783F96B222F0175200A4DA9B /* BigImageViewer.app */;
			productType = "com.apple.product-type.application";
		};
/* End PBXNativeTarget section */

/* Begin PBXProject section */
		783F96AA22F0175200A4DA9B /* Project object */ = {
			isa = PBXProject;
			attributes = {
				LastSwiftUpdateCheck = 1030;
				LastUpgradeCheck = 1030;
				ORGANIZATIONNAME = ZHUNJIEE;
				TargetAttributes = {
					783F96B122F0175200A4DA9B = {
						CreatedOnToolsVersion = 10.3;
					};
				};
			};
			buildConfigurationList = 783F96AD22F0175200A4DA9B /* Build configuration list for PBXProject "BigImageViewer" */;
			compatibilityVersion = "Xcode 9.3";
			developmentRegion = en;
			hasScannedForEncodings = 0;
			knownRegions = (
				en,
				Base,
			);
			mainGroup = 783F96A922F0175200A4DA9B;
			productRefGroup = 783F96B322F0175200A4DA9B /* Products */;
			projectDirPath = "";
			projectRoot = "";
			targets = (
				783F96B122F0175200A4DA9B /* BigImageViewer */,
			);
		};
/* End PBXProject section */

/* Begin PBXResourcesBuildPhase section */
		783F96B022F0175200A4DA9B /* Resources */ = {
			isa = PBXResourcesBuildPhase;
			buildActionMask = 2147483647;
			files = (
				783F96C022F0175400A4DA9B /* LaunchScreen.storyboard in Resources */,
				783F96BD22F0175400A4DA9B /* Assets.xcassets in Resources */,
				783F96BB22F0175200A4DA9B /* Main.storyboard in Resources */,
			);
			runOnlyForDeploymentPostprocessing = 0;
		};
/* End PBXResourcesBuildPhase section */

/* Begin PBXSourcesBuildPhase section */
		783F96AE22F0175200A4DA9B /* Sources */ = {
			isa = PBXSourcesBuildPhase;
			buildActionMask = 2147483647;
			files = (
				783F96B822F0175200A4DA9B /* ViewController.swift in Sources */,
				783F96C822F0178900A4DA9B /* BigImageViewer.swift in Sources */,
				783F96B622F0175200A4DA9B /* AppDelegate.swift in Sources */,
			);
			runOnlyForDeploymentPostprocessing = 0;
		};
/* End PBXSourcesBuildPhase section */

/* Begin PBXVariantGroup section */
		783F96B922F0175200A4DA9B /* Main.storyboard */ = {
			isa = PBXVariantGroup;
			children = (
				783F96BA22F0175200A4DA9B /* Base */,
			);
			name = Main.storyboard;
			sourceTree = "<group>";
		};
		783F96BE22F0175400A4DA9B /* LaunchScreen.storyboard */ = {
			isa = PBXVariantGroup;
			children = (
				783F96BF22F0175400A4DA9B /* Base */,
			);
			name = LaunchScreen.storyboard;
			sourceTree = "<group>";
		};
/* End PBXVariantGroup section */

/* Begin XCBuildConfiguration section */
		783F96C222F0175400A4DA9B /* Debug */ = {
			isa = XCBuildConfiguration;
			buildSettings = {
				ALWAYS_SEARCH_USER_PATHS = NO;
				CLANG_ANALYZER_NONNULL = YES;
				CLANG_ANALYZER_NUMBER_OBJECT_CONVERSION = YES_AGGRESSIVE;
				CLANG_CXX_LANGUAGE_STANDARD = "gnu++14";
				CLANG_CXX_LIBRARY = "libc++";
				CLANG_ENABLE_MODULES = YES;
				CLANG_ENABLE_OBJC_ARC = YES;
				CLANG_ENABLE_OBJC_WEAK = YES;
				CLANG_WARN_BLOCK_CAPTURE_AUTORELEASING = YES;
				CLANG_WARN_BOOL_CONVERSION = YES;
				CLANG_WARN_COMMA = YES;
				CLANG_WARN_CONSTANT_CONVERSION = YES;
				CLANG_WARN_DEPRECATED_OBJC_IMPLEMENTATIONS = YES;
				CLANG_WARN_DIRECT_OBJC_ISA_USAGE = YES_ERROR;
				CLANG_WARN_DOCUMENTATION_COMMENTS = YES;
				CLANG_WARN_EMPTY_BODY = YES;
				CLANG_WARN_ENUM_CONVERSION = YES;
				CLANG_WARN_INFINITE_RECURSION = YES;
				CLANG_WARN_INT_CONVERSION = YES;
				CLANG_WARN_NON_LITERAL_NULL_CONVERSION = YES;
				CLANG_WARN_OBJC_IMPLICIT_RETAIN_SELF = YES;
				CLANG_WARN_OBJC_LITERAL_CONVERSION = YES;
				CLANG_WARN_OBJC_ROOT_CLASS = YES_ERROR;
				CLANG_WARN_RANGE_LOOP_ANALYSIS = YES;
				CLANG_WARN_STRICT_PROTOTYPES = YES;
				CLANG_WARN_SUSPICIOUS_MOVE = YES;
				CLANG_WARN_UNGUARDED_AVAILABILITY = YES_AGGRESSIVE;
				CLANG_WARN_UNREACHABLE_CODE = YES;
				CLANG_WARN__DUPLICATE_METHOD_MATCH = YES;
				CODE_SIGN_IDENTITY = "iPhone Developer";
				COPY_PHASE_STRIP = NO;
				DEBUG_INFORMATION_FORMAT = dwarf;
				ENABLE_STRICT_OBJC_MSGSEND = YES;
				ENABLE_TESTABILITY = YES;
				GCC_C_LANGUAGE_STANDARD = gnu11;
				GCC_DYNAMIC_NO_PIC = NO;
				GCC_NO_COMMON_BLOCKS = YES;
				GCC_OPTIMIZATION_LEVEL = 0;
				GCC_PREPROCESSOR_DEFINITIONS = (
					"DEBUG=1",
					"$(inherited)",
				);
				GCC_WARN_64_TO_32_BIT_CONVERSION = YES;
				GCC_WARN_ABOUT_RETURN_TYPE = YES_ERROR;
				GCC_WARN_UNDECLARED_SELECTOR = YES;
				GCC_WARN_UNINITIALIZED_AUTOS = YES_AGGRESSIVE;
				GCC_WARN_UNUSED_FUNCTION = YES;
				GCC_WARN_UNUSED_VARIABLE = YES;
				IPHONEOS_DEPLOYMENT_TARGET = 12.4;
				MTL_ENABLE_DEBUG_INFO = INCLUDE_SOURCE;
				MTL_FAST_MATH = YES;
				ONLY_ACTIVE_ARCH = YES;
				SDKROOT = iphoneos;
				SWIFT_ACTIVE_COMPILATION_CONDITIONS = DEBUG;
				SWIFT_OPTIMIZATION_LEVEL = "-Onone";
			};
			name = Debug;
		};
		783F96C322F0175400A4DA9B /* Release */ = {
			isa = XCBuildConfiguration;
			buildSettings = {
				ALWAYS_SEARCH_USER_PATHS = NO;
				CLANG_ANALYZER_NONNULL = YES;
				CLANG_ANALYZER_NUMBER_OBJECT_CONVERSION = YES_AGGRESSIVE;
				CLANG_CXX_LANGUAGE_STANDARD = "gnu++14";
				CLANG_CXX_LIBRARY = "libc++";
				CLANG_ENABLE_MODULES = YES;
				CLANG_ENABLE_OBJC_ARC = YES;
				CLANG_ENABLE_OBJC_WEAK = YES;
				CLANG_WARN_BLOCK_CAPTURE_AUTORELEASING = YES;
				CLANG_WARN_BOOL_CONVERSION = YES;
				CLANG_WARN_COMMA = YES;
				CLANG_WARN_CONSTANT_CONVERSION = YES;
				CLANG_WARN_DEPRECATED_OBJC_IMPLEMENTATIONS = YES;
				CLANG_WARN_DIRECT_OBJC_ISA_USAGE = YES_ERROR;
				CLANG_WARN_DOCUMENTATION_COMMENTS = YES;
				CLANG_WARN_EMPTY_BODY = YES;
				CLANG_WARN_ENUM_CONVERSION = YES;
				CLANG_WARN_INFINITE_RECURSION = YES;
				CLANG_WARN_INT_CONVERSION = YES;
				CLANG_WARN_NON_LITERAL_NULL_CONVERSION = YES;
				CLANG_WARN_OBJC_IMPLICIT_RETAIN_SELF = YES;
				CLANG_WARN_OBJC_LITERAL_CONVERSION = YES;
				CLANG_WARN_OBJC_ROOT_CLASS = YES_ERROR;
				CLANG_WARN_RANGE_LOOP_ANALYSIS = YES;
				CLANG_WARN_STRICT_PROTOTYPES = YES;
				CLANG_WARN_SUSPICIOUS_MOVE = YES;
				CLANG_WARN_UNGUARDED_AVAILABILITY = YES_AGGRESSIVE;
				CLANG_WARN_UNREACHABLE_CODE = YES;
				CLANG_WARN__DUPLICATE_METHOD_MATCH = YES;
				CODE_SIGN_IDENTITY = "iPhone Developer";
				COPY_PHASE_STRIP = NO;
				DEBUG_INFORMATION_FORMAT = "dwarf-with-dsym";
				ENABLE_NS_ASSERTIONS = NO;
				ENABLE_STRICT_OBJC_MSGSEND = YES;
				GCC_C_LANGUAGE_STANDARD = gnu11;
				GCC_NO_COMMON_BLOCKS = YES;
				GCC_WARN_64_TO_32_BIT_CONVERSION = YES;
				GCC_WARN_ABOUT_RETURN_TYPE = YES_ERROR;
				GCC_WARN_UNDECLARED_SELECTOR = YES;
				GCC_WARN_UNINITIALIZED_AUTOS = YES_AGGRESSIVE;
				GCC_WARN_UNUSED_FUNCTION = YES;
				GCC_WARN_UNUSED_VARIABLE = YES;
				IPHONEOS_DEPLOYMENT_TARGET = 12.4;
				MTL_ENABLE_DEBUG_INFO = NO;
				MTL_FAST_MATH = YES;
				SDKROOT = iphoneos;
				SWIFT_COMPILATION_MODE = wholemodule;
				SWIFT_OPTIMIZATION_LEVEL = "-O";
				VALIDATE_PRODUCT = YES;
			};
			name = Release;
		};
		783F96C522F0175400A4DA9B /* Debug */ = {
			isa = XCBuildConfiguration;
			buildSettings = {
				ASSETCATALOG_COMPILER_APPICON_NAME = AppIcon;
				CODE_SIGN_STYLE = Automatic;
				DEVELOPMENT_TEAM = E9NKWLKTG4;
				INFOPLIST_FILE = BigImageViewer/Info.plist;
				IPHONEOS_DEPLOYMENT_TARGET = 9.0;
				LD_RUNPATH_SEARCH_PATHS = (
					"$(inherited)",
					"@executable_path/Frameworks",
				);
				PRODUCT_BUNDLE_IDENTIFIER = com.zhunjiee.BigImageViewer;
				PRODUCT_NAME = "$(TARGET_NAME)";
				SWIFT_VERSION = 5.0;
				TARGETED_DEVICE_FAMILY = "1,2";
			};
			name = Debug;
		};
		783F96C622F0175400A4DA9B /* Release */ = {
			isa = XCBuildConfiguration;
			buildSettings = {
				ASSETCATALOG_COMPILER_APPICON_NAME = AppIcon;
				CODE_SIGN_STYLE = Automatic;
				DEVELOPMENT_TEAM = E9NKWLKTG4;
				INFOPLIST_FILE = BigImageViewer/Info.plist;
				IPHONEOS_DEPLOYMENT_TARGET = 9.0;
				LD_RUNPATH_SEARCH_PATHS = (
					"$(inherited)",
					"@executable_path/Frameworks",
				);
				PRODUCT_BUNDLE_IDENTIFIER = com.zhunjiee.BigImageViewer;
				PRODUCT_NAME = "$(TARGET_NAME)";
				SWIFT_VERSION = 5.0;
				TARGETED_DEVICE_FAMILY = "1,2";
			};
			name = Release;
		};
/* End XCBuildConfiguration section */

/* Begin XCConfigurationList section */
		783F96AD22F0175200A4DA9B /* Build configuration list for PBXProject "BigImageViewer" */ = {
			isa = XCConfigurationList;
			buildConfigurations = (
				783F96C222F0175400A4DA9B /* Debug */,
				783F96C322F0175400A4DA9B /* Release */,
			);
			defaultConfigurationIsVisible = 0;
			defaultConfigurationName = Release;
		};
		783F96C422F0175400A4DA9B /* Build configuration list for PBXNativeTarget "BigImageViewer" */ = {
			isa = XCConfigurationList;
			buildConfigurations = (
				783F96C522F0175400A4DA9B /* Debug */,
				783F96C622F0175400A4DA9B /* Release */,
			);
			defaultConfigurationIsVisible = 0;
			defaultConfigurationName = Release;
		};
/* End XCConfigurationList section */
	};
	rootObject = 783F96AA22F0175200A4DA9B /* Project object */;
}
