// !$*UTF8*$!
{
	archiveVersion = 1;
	classes = {
	};
	objectVersion = 50;
	objects = {

/* Begin PBXBuildFile section */
		787C644B229E0F9900569FE2 /* AppDelegate.m in Sources */ = {isa = PBXBuildFile; fileRef = 787C644A229E0F9900569FE2 /* AppDelegate.m */; };
		787C644E229E0F9900569FE2 /* ViewController.m in Sources */ = {isa = PBXBuildFile; fileRef = 787C644D229E0F9900569FE2 /* ViewController.m */; };
		787C6451229E0F9900569FE2 /* Main.storyboard in Resources */ = {isa = PBXBuildFile; fileRef = 787C644F229E0F9900569FE2 /* Main.storyboard */; };
		787C6453229E0F9C00569FE2 /* Assets.xcassets in Resources */ = {isa = PBXBuildFile; fileRef = 787C6452229E0F9C00569FE2 /* Assets.xcassets */; };
		787C6456229E0F9C00569FE2 /* LaunchScreen.storyboard in Resources */ = {isa = PBXBuildFile; fileRef = 787C6454229E0F9C00569FE2 /* LaunchScreen.storyboard */; };
		787C6459229E0F9C00569FE2 /* main.m in Sources */ = {isa = PBXBuildFile; fileRef = 787C6458229E0F9C00569FE2 /* main.m */; };
		787C6461229E136A00569FE2 /* MBProgressHUD+HBW.m in Sources */ = {isa = PBXBuildFile; fileRef = 787C6460229E136A00569FE2 /* MBProgressHUD+HBW.m */; };
		787C646A229E164700569FE2 /* error.png in Resources */ = {isa = PBXBuildFile; fileRef = 787C6464229E164600569FE2 /* error.png */; };
		787C646B229E164700569FE2 /* success@2x.png in Resources */ = {isa = PBXBuildFile; fileRef = 787C6465229E164600569FE2 /* success@2x.png */; };
		787C646C229E164700569FE2 /* success@3x.png in Resources */ = {isa = PBXBuildFile; fileRef = 787C6466229E164700569FE2 /* success@3x.png */; };
		787C646D229E164700569FE2 /* error@2x.png in Resources */ = {isa = PBXBuildFile; fileRef = 787C6467229E164700569FE2 /* error@2x.png */; };
		787C646E229E164700569FE2 /* warn@2x.png in Resources */ = {isa = PBXBuildFile; fileRef = 787C6468229E164700569FE2 /* warn@2x.png */; };
		787C646F229E164700569FE2 /* warn@3x.png in Resources */ = {isa = PBXBuildFile; fileRef = 787C6469229E164700569FE2 /* warn@3x.png */; };
		CD782C16A1AC13EE51DC9F11 /* libPods-MBProgressHUD封装.a in Frameworks */ = {isa = PBXBuildFile; fileRef = EE8620D7D8257209EA43B481 /* libPods-MBProgressHUD封装.a */; };
/* End PBXBuildFile section */

/* Begin PBXFileReference section */
		787C6446229E0F9900569FE2 /* MBProgressHUD封装.app */ = {isa = PBXFileReference; explicitFileType = wrapper.application; includeInIndex = 0; path = "MBProgressHUD封装.app"; sourceTree = BUILT_PRODUCTS_DIR; };
		787C6449229E0F9900569FE2 /* AppDelegate.h */ = {isa = PBXFileReference; lastKnownFileType = sourcecode.c.h; path = AppDelegate.h; sourceTree = "<group>"; };
		787C644A229E0F9900569FE2 /* AppDelegate.m */ = {isa = PBXFileReference; lastKnownFileType = sourcecode.c.objc; path = AppDelegate.m; sourceTree = "<group>"; };
		787C644C229E0F9900569FE2 /* ViewController.h */ = {isa = PBXFileReference; lastKnownFileType = sourcecode.c.h; path = ViewController.h; sourceTree = "<group>"; };
		787C644D229E0F9900569FE2 /* ViewController.m */ = {isa = PBXFileReference; lastKnownFileType = sourcecode.c.objc; path = ViewController.m; sourceTree = "<group>"; };
		787C6450229E0F9900569FE2 /* Base */ = {isa = PBXFileReference; lastKnownFileType = file.storyboard; name = Base; path = Base.lproj/Main.storyboard; sourceTree = "<group>"; };
		787C6452229E0F9C00569FE2 /* Assets.xcassets */ = {isa = PBXFileReference; lastKnownFileType = folder.assetcatalog; path = Assets.xcassets; sourceTree = "<group>"; };
		787C6455229E0F9C00569FE2 /* Base */ = {isa = PBXFileReference; lastKnownFileType = file.storyboard; name = Base; path = Base.lproj/LaunchScreen.storyboard; sourceTree = "<group>"; };
		787C6457229E0F9C00569FE2 /* Info.plist */ = {isa = PBXFileReference; lastKnownFileType = text.plist.xml; path = Info.plist; sourceTree = "<group>"; };
		787C6458229E0F9C00569FE2 /* main.m */ = {isa = PBXFileReference; lastKnownFileType = sourcecode.c.objc; path = main.m; sourceTree = "<group>"; };
		787C645F229E136A00569FE2 /* MBProgressHUD+HBW.h */ = {isa = PBXFileReference; lastKnownFileType = sourcecode.c.h; path = "MBProgressHUD+HBW.h"; sourceTree = "<group>"; };
		787C6460229E136A00569FE2 /* MBProgressHUD+HBW.m */ = {isa = PBXFileReference; lastKnownFileType = sourcecode.c.objc; path = "MBProgressHUD+HBW.m"; sourceTree = "<group>"; };
		787C6464229E164600569FE2 /* error.png */ = {isa = PBXFileReference; lastKnownFileType = image.png; path = error.png; sourceTree = "<group>"; };
		787C6465229E164600569FE2 /* success@2x.png */ = {isa = PBXFileReference; lastKnownFileType = image.png; path = "success@2x.png"; sourceTree = "<group>"; };
		787C6466229E164700569FE2 /* success@3x.png */ = {isa = PBXFileReference; lastKnownFileType = image.png; path = "success@3x.png"; sourceTree = "<group>"; };
		787C6467229E164700569FE2 /* error@2x.png */ = {isa = PBXFileReference; lastKnownFileType = image.png; path = "error@2x.png"; sourceTree = "<group>"; };
		787C6468229E164700569FE2 /* warn@2x.png */ = {isa = PBXFileReference; lastKnownFileType = image.png; path = "warn@2x.png"; sourceTree = "<group>"; };
		787C6469229E164700569FE2 /* warn@3x.png */ = {isa = PBXFileReference; lastKnownFileType = image.png; path = "warn@3x.png"; sourceTree = "<group>"; };
		A0166E6FDBD51DB9D5741BE3 /* Pods-MBProgressHUD封装.debug.xcconfig */ = {isa = PBXFileReference; includeInIndex = 1; lastKnownFileType = text.xcconfig; name = "Pods-MBProgressHUD封装.debug.xcconfig"; path = "Pods/Target Support Files/Pods-MBProgressHUD封装/Pods-MBProgressHUD封装.debug.xcconfig"; sourceTree = "<group>"; };
		C3FC61B6C089BCC768C58E52 /* Pods-MBProgressHUD封装.release.xcconfig */ = {isa = PBXFileReference; includeInIndex = 1; lastKnownFileType = text.xcconfig; name = "Pods-MBProgressHUD封装.release.xcconfig"; path = "Pods/Target Support Files/Pods-MBProgressHUD封装/Pods-MBProgressHUD封装.release.xcconfig"; sourceTree = "<group>"; };
		EE8620D7D8257209EA43B481 /* libPods-MBProgressHUD封装.a */ = {isa = PBXFileReference; explicitFileType = archive.ar; includeInIndex = 0; path = "libPods-MBProgressHUD封装.a"; sourceTree = BUILT_PRODUCTS_DIR; };
/* End PBXFileReference section */

/* Begin PBXFrameworksBuildPhase section */
		787C6443229E0F9900569FE2 /* Frameworks */ = {
			isa = PBXFrameworksBuildPhase;
			buildActionMask = 2147483647;
			files = (
				CD782C16A1AC13EE51DC9F11 /* libPods-MBProgressHUD封装.a in Frameworks */,
			);
			runOnlyForDeploymentPostprocessing = 0;
		};
/* End PBXFrameworksBuildPhase section */

/* Begin PBXGroup section */
		787C643D229E0F9900569FE2 = {
			isa = PBXGroup;
			children = (
				787C6448229E0F9900569FE2 /* MBProgressHUD封装 */,
				787C6447229E0F9900569FE2 /* Products */,
				992A54D682D66E0F754B134B /* Pods */,
				D953AC8799363BAC3600E7D2 /* Frameworks */,
			);
			sourceTree = "<group>";
		};
		787C6447229E0F9900569FE2 /* Products */ = {
			isa = PBXGroup;
			children = (
				787C6446229E0F9900569FE2 /* MBProgressHUD封装.app */,
			);
			name = Products;
			sourceTree = "<group>";
		};
		787C6448229E0F9900569FE2 /* MBProgressHUD封装 */ = {
			isa = PBXGroup;
			children = (
				787C6449229E0F9900569FE2 /* AppDelegate.h */,
				787C644A229E0F9900569FE2 /* AppDelegate.m */,
				787C644C229E0F9900569FE2 /* ViewController.h */,
				787C644D229E0F9900569FE2 /* ViewController.m */,
				787C6462229E152800569FE2 /* MBProgressHUD+HBW */,
				787C644F229E0F9900569FE2 /* Main.storyboard */,
				787C6452229E0F9C00569FE2 /* Assets.xcassets */,
				787C6454229E0F9C00569FE2 /* LaunchScreen.storyboard */,
				787C6457229E0F9C00569FE2 /* Info.plist */,
				787C6458229E0F9C00569FE2 /* main.m */,
			);
			path = "MBProgressHUD封装";
			sourceTree = "<group>";
		};
		787C6462229E152800569FE2 /* MBProgressHUD+HBW */ = {
			isa = PBXGroup;
			children = (
				787C6463229E15E400569FE2 /* sources.bundle */,
				787C645F229E136A00569FE2 /* MBProgressHUD+HBW.h */,
				787C6460229E136A00569FE2 /* MBProgressHUD+HBW.m */,
			);
			path = "MBProgressHUD+HBW";
			sourceTree = "<group>";
		};
		787C6463229E15E400569FE2 /* sources.bundle */ = {
			isa = PBXGroup;
			children = (
				787C6464229E164600569FE2 /* error.png */,
				787C6467229E164700569FE2 /* error@2x.png */,
				787C6465229E164600569FE2 /* success@2x.png */,
				787C6466229E164700569FE2 /* success@3x.png */,
				787C6468229E164700569FE2 /* warn@2x.png */,
				787C6469229E164700569FE2 /* warn@3x.png */,
			);
			path = sources.bundle;
			sourceTree = "<group>";
		};
		992A54D682D66E0F754B134B /* Pods */ = {
			isa = PBXGroup;
			children = (
				A0166E6FDBD51DB9D5741BE3 /* Pods-MBProgressHUD封装.debug.xcconfig */,
				C3FC61B6C089BCC768C58E52 /* Pods-MBProgressHUD封装.release.xcconfig */,
			);
			name = Pods;
			sourceTree = "<group>";
		};
		D953AC8799363BAC3600E7D2 /* Frameworks */ = {
			isa = PBXGroup;
			children = (
				EE8620D7D8257209EA43B481 /* libPods-MBProgressHUD封装.a */,
			);
			name = Frameworks;
			sourceTree = "<group>";
		};
/* End PBXGroup section */

/* Begin PBXNativeTarget section */
		787C6445229E0F9900569FE2 /* MBProgressHUD封装 */ = {
			isa = PBXNativeTarget;
			buildConfigurationList = 787C645C229E0F9C00569FE2 /* Build configuration list for PBXNativeTarget "MBProgressHUD封装" */;
			buildPhases = (
				C340D25BC8279951FD5BAE6D /* [CP] Check Pods Manifest.lock */,
				787C6442229E0F9900569FE2 /* Sources */,
				787C6443229E0F9900569FE2 /* Frameworks */,
				787C6444229E0F9900569FE2 /* Resources */,
			);
			buildRules = (
			);
			dependencies = (
			);
			name = "MBProgressHUD封装";
			productName = "MBProgressHUD封装";
			productReference = 787C6446229E0F9900569FE2 /* MBProgressHUD封装.app */;
			productType = "com.apple.product-type.application";
		};
/* End PBXNativeTarget section */

/* Begin PBXProject section */
		787C643E229E0F9900569FE2 /* Project object */ = {
			isa = PBXProject;
			attributes = {
				LastUpgradeCheck = 1020;
				ORGANIZATIONNAME = ZHUNJIEE;
				TargetAttributes = {
					787C6445229E0F9900569FE2 = {
						CreatedOnToolsVersion = 10.2.1;
					};
				};
			};
			buildConfigurationList = 787C6441229E0F9900569FE2 /* Build configuration list for PBXProject "MBProgressHUD封装" */;
			compatibilityVersion = "Xcode 9.3";
			developmentRegion = en;
			hasScannedForEncodings = 0;
			knownRegions = (
				en,
				Base,
			);
			mainGroup = 787C643D229E0F9900569FE2;
			productRefGroup = 787C6447229E0F9900569FE2 /* Products */;
			projectDirPath = "";
			projectRoot = "";
			targets = (
				787C6445229E0F9900569FE2 /* MBProgressHUD封装 */,
			);
		};
/* End PBXProject section */

/* Begin PBXResourcesBuildPhase section */
		787C6444229E0F9900569FE2 /* Resources */ = {
			isa = PBXResourcesBuildPhase;
			buildActionMask = 2147483647;
			files = (
				787C646E229E164700569FE2 /* warn@2x.png in Resources */,
				787C6456229E0F9C00569FE2 /* LaunchScreen.storyboard in Resources */,
				787C6453229E0F9C00569FE2 /* Assets.xcassets in Resources */,
				787C646B229E164700569FE2 /* success@2x.png in Resources */,
				787C646C229E164700569FE2 /* success@3x.png in Resources */,
				787C646A229E164700569FE2 /* error.png in Resources */,
				787C6451229E0F9900569FE2 /* Main.storyboard in Resources */,
				787C646F229E164700569FE2 /* warn@3x.png in Resources */,
				787C646D229E164700569FE2 /* error@2x.png in Resources */,
			);
			runOnlyForDeploymentPostprocessing = 0;
		};
/* End PBXResourcesBuildPhase section */

/* Begin PBXShellScriptBuildPhase section */
		C340D25BC8279951FD5BAE6D /* [CP] Check Pods Manifest.lock */ = {
			isa = PBXShellScriptBuildPhase;
			buildActionMask = 2147483647;
			files = (
			);
			inputFileListPaths = (
			);
			inputPaths = (
				"${PODS_PODFILE_DIR_PATH}/Podfile.lock",
				"${PODS_ROOT}/Manifest.lock",
			);
			name = "[CP] Check Pods Manifest.lock";
			outputFileListPaths = (
			);
			outputPaths = (
				"$(DERIVED_FILE_DIR)/Pods-MBProgressHUD封装-checkManifestLockResult.txt",
			);
			runOnlyForDeploymentPostprocessing = 0;
			shellPath = /bin/sh;
			shellScript = "diff \"${PODS_PODFILE_DIR_PATH}/Podfile.lock\" \"${PODS_ROOT}/Manifest.lock\" > /dev/null\nif [ $? != 0 ] ; then\n    # print error to STDERR\n    echo \"error: The sandbox is not in sync with the Podfile.lock. Run 'pod install' or update your CocoaPods installation.\" >&2\n    exit 1\nfi\n# This output is used by Xcode 'outputs' to avoid re-running this script phase.\necho \"SUCCESS\" > \"${SCRIPT_OUTPUT_FILE_0}\"\n";
			showEnvVarsInLog = 0;
		};
/* End PBXShellScriptBuildPhase section */

/* Begin PBXSourcesBuildPhase section */
		787C6442229E0F9900569FE2 /* Sources */ = {
			isa = PBXSourcesBuildPhase;
			buildActionMask = 2147483647;
			files = (
				787C644E229E0F9900569FE2 /* ViewController.m in Sources */,
				787C6459229E0F9C00569FE2 /* main.m in Sources */,
				787C644B229E0F9900569FE2 /* AppDelegate.m in Sources */,
				787C6461229E136A00569FE2 /* MBProgressHUD+HBW.m in Sources */,
			);
			runOnlyForDeploymentPostprocessing = 0;
		};
/* End PBXSourcesBuildPhase section */

/* Begin PBXVariantGroup section */
		787C644F229E0F9900569FE2 /* Main.storyboard */ = {
			isa = PBXVariantGroup;
			children = (
				787C6450229E0F9900569FE2 /* Base */,
			);
			name = Main.storyboard;
			sourceTree = "<group>";
		};
		787C6454229E0F9C00569FE2 /* LaunchScreen.storyboard */ = {
			isa = PBXVariantGroup;
			children = (
				787C6455229E0F9C00569FE2 /* Base */,
			);
			name = LaunchScreen.storyboard;
			sourceTree = "<group>";
		};
/* End PBXVariantGroup section */

/* Begin XCBuildConfiguration section */
		787C645A229E0F9C00569FE2 /* Debug */ = {
			isa = XCBuildConfiguration;
			buildSettings = {
				ALWAYS_SEARCH_USER_PATHS = NO;
				CLANG_ANALYZER_NONNULL = YES;
				CLANG_ANALYZER_NUMBER_OBJECT_CONVERSION = YES_AGGRESSIVE;
				CLANG_CXX_LANGUAGE_STANDARD = "gnu++14";
				CLANG_CXX_LIBRARY = "libc++";
				CLANG_ENABLE_MODULES = YES;
				CLANG_ENABLE_OBJC_ARC = YES;
				CLANG_ENABLE_OBJC_WEAK = YES;
				CLANG_WARN_BLOCK_CAPTURE_AUTORELEASING = YES;
				CLANG_WARN_BOOL_CONVERSION = YES;
				CLANG_WARN_COMMA = YES;
				CLANG_WARN_CONSTANT_CONVERSION = YES;
				CLANG_WARN_DEPRECATED_OBJC_IMPLEMENTATIONS = YES;
				CLANG_WARN_DIRECT_OBJC_ISA_USAGE = YES_ERROR;
				CLANG_WARN_DOCUMENTATION_COMMENTS = YES;
				CLANG_WARN_EMPTY_BODY = YES;
				CLANG_WARN_ENUM_CONVERSION = YES;
				CLANG_WARN_INFINITE_RECURSION = YES;
				CLANG_WARN_INT_CONVERSION = YES;
				CLANG_WARN_NON_LITERAL_NULL_CONVERSION = YES;
				CLANG_WARN_OBJC_IMPLICIT_RETAIN_SELF = YES;
				CLANG_WARN_OBJC_LITERAL_CONVERSION = YES;
				CLANG_WARN_OBJC_ROOT_CLASS = YES_ERROR;
				CLANG_WARN_RANGE_LOOP_ANALYSIS = YES;
				CLANG_WARN_STRICT_PROTOTYPES = YES;
				CLANG_WARN_SUSPICIOUS_MOVE = YES;
				CLANG_WARN_UNGUARDED_AVAILABILITY = YES_AGGRESSIVE;
				CLANG_WARN_UNREACHABLE_CODE = YES;
				CLANG_WARN__DUPLICATE_METHOD_MATCH = YES;
				CODE_SIGN_IDENTITY = "iPhone Developer";
				COPY_PHASE_STRIP = NO;
				DEBUG_INFORMATION_FORMAT = dwarf;
				ENABLE_STRICT_OBJC_MSGSEND = YES;
				ENABLE_TESTABILITY = YES;
				GCC_C_LANGUAGE_STANDARD = gnu11;
				GCC_DYNAMIC_NO_PIC = NO;
				GCC_NO_COMMON_BLOCKS = YES;
				GCC_OPTIMIZATION_LEVEL = 0;
				GCC_PREPROCESSOR_DEFINITIONS = (
					"DEBUG=1",
					"$(inherited)",
				);
				GCC_WARN_64_TO_32_BIT_CONVERSION = YES;
				GCC_WARN_ABOUT_RETURN_TYPE = YES_ERROR;
				GCC_WARN_UNDECLARED_SELECTOR = YES;
				GCC_WARN_UNINITIALIZED_AUTOS = YES_AGGRESSIVE;
				GCC_WARN_UNUSED_FUNCTION = YES;
				GCC_WARN_UNUSED_VARIABLE = YES;
				IPHONEOS_DEPLOYMENT_TARGET = 12.2;
				MTL_ENABLE_DEBUG_INFO = INCLUDE_SOURCE;
				MTL_FAST_MATH = YES;
				ONLY_ACTIVE_ARCH = YES;
				SDKROOT = iphoneos;
			};
			name = Debug;
		};
		787C645B229E0F9C00569FE2 /* Release */ = {
			isa = XCBuildConfiguration;
			buildSettings = {
				ALWAYS_SEARCH_USER_PATHS = NO;
				CLANG_ANALYZER_NONNULL = YES;
				CLANG_ANALYZER_NUMBER_OBJECT_CONVERSION = YES_AGGRESSIVE;
				CLANG_CXX_LANGUAGE_STANDARD = "gnu++14";
				CLANG_CXX_LIBRARY = "libc++";
				CLANG_ENABLE_MODULES = YES;
				CLANG_ENABLE_OBJC_ARC = YES;
				CLANG_ENABLE_OBJC_WEAK = YES;
				CLANG_WARN_BLOCK_CAPTURE_AUTORELEASING = YES;
				CLANG_WARN_BOOL_CONVERSION = YES;
				CLANG_WARN_COMMA = YES;
				CLANG_WARN_CONSTANT_CONVERSION = YES;
				CLANG_WARN_DEPRECATED_OBJC_IMPLEMENTATIONS = YES;
				CLANG_WARN_DIRECT_OBJC_ISA_USAGE = YES_ERROR;
				CLANG_WARN_DOCUMENTATION_COMMENTS = YES;
				CLANG_WARN_EMPTY_BODY = YES;
				CLANG_WARN_ENUM_CONVERSION = YES;
				CLANG_WARN_INFINITE_RECURSION = YES;
				CLANG_WARN_INT_CONVERSION = YES;
				CLANG_WARN_NON_LITERAL_NULL_CONVERSION = YES;
				CLANG_WARN_OBJC_IMPLICIT_RETAIN_SELF = YES;
				CLANG_WARN_OBJC_LITERAL_CONVERSION = YES;
				CLANG_WARN_OBJC_ROOT_CLASS = YES_ERROR;
				CLANG_WARN_RANGE_LOOP_ANALYSIS = YES;
				CLANG_WARN_STRICT_PROTOTYPES = YES;
				CLANG_WARN_SUSPICIOUS_MOVE = YES;
				CLANG_WARN_UNGUARDED_AVAILABILITY = YES_AGGRESSIVE;
				CLANG_WARN_UNREACHABLE_CODE = YES;
				CLANG_WARN__DUPLICATE_METHOD_MATCH = YES;
				CODE_SIGN_IDENTITY = "iPhone Developer";
				COPY_PHASE_STRIP = NO;
				DEBUG_INFORMATION_FORMAT = "dwarf-with-dsym";
				ENABLE_NS_ASSERTIONS = NO;
				ENABLE_STRICT_OBJC_MSGSEND = YES;
				GCC_C_LANGUAGE_STANDARD = gnu11;
				GCC_NO_COMMON_BLOCKS = YES;
				GCC_WARN_64_TO_32_BIT_CONVERSION = YES;
				GCC_WARN_ABOUT_RETURN_TYPE = YES_ERROR;
				GCC_WARN_UNDECLARED_SELECTOR = YES;
				GCC_WARN_UNINITIALIZED_AUTOS = YES_AGGRESSIVE;
				GCC_WARN_UNUSED_FUNCTION = YES;
				GCC_WARN_UNUSED_VARIABLE = YES;
				IPHONEOS_DEPLOYMENT_TARGET = 12.2;
				MTL_ENABLE_DEBUG_INFO = NO;
				MTL_FAST_MATH = YES;
				SDKROOT = iphoneos;
				VALIDATE_PRODUCT = YES;
			};
			name = Release;
		};
		787C645D229E0F9C00569FE2 /* Debug */ = {
			isa = XCBuildConfiguration;
			baseConfigurationReference = A0166E6FDBD51DB9D5741BE3 /* Pods-MBProgressHUD封装.debug.xcconfig */;
			buildSettings = {
				ASSETCATALOG_COMPILER_APPICON_NAME = AppIcon;
				CODE_SIGN_STYLE = Automatic;
				DEVELOPMENT_TEAM = E9NKWLKTG4;
				INFOPLIST_FILE = "MBProgressHUD封装/Info.plist";
				IPHONEOS_DEPLOYMENT_TARGET = 9.0;
				LD_RUNPATH_SEARCH_PATHS = (
					"$(inherited)",
					"@executable_path/Frameworks",
				);
				PRODUCT_BUNDLE_IDENTIFIER = "com.zhunjiee.MBProgressHUD--";
				PRODUCT_NAME = "$(TARGET_NAME)";
				TARGETED_DEVICE_FAMILY = "1,2";
			};
			name = Debug;
		};
		787C645E229E0F9C00569FE2 /* Release */ = {
			isa = XCBuildConfiguration;
			baseConfigurationReference = C3FC61B6C089BCC768C58E52 /* Pods-MBProgressHUD封装.release.xcconfig */;
			buildSettings = {
				ASSETCATALOG_COMPILER_APPICON_NAME = AppIcon;
				CODE_SIGN_STYLE = Automatic;
				DEVELOPMENT_TEAM = E9NKWLKTG4;
				INFOPLIST_FILE = "MBProgressHUD封装/Info.plist";
				IPHONEOS_DEPLOYMENT_TARGET = 9.0;
				LD_RUNPATH_SEARCH_PATHS = (
					"$(inherited)",
					"@executable_path/Frameworks",
				);
				PRODUCT_BUNDLE_IDENTIFIER = "com.zhunjiee.MBProgressHUD--";
				PRODUCT_NAME = "$(TARGET_NAME)";
				TARGETED_DEVICE_FAMILY = "1,2";
			};
			name = Release;
		};
/* End XCBuildConfiguration section */

/* Begin XCConfigurationList section */
		787C6441229E0F9900569FE2 /* Build configuration list for PBXProject "MBProgressHUD封装" */ = {
			isa = XCConfigurationList;
			buildConfigurations = (
				787C645A229E0F9C00569FE2 /* Debug */,
				787C645B229E0F9C00569FE2 /* Release */,
			);
			defaultConfigurationIsVisible = 0;
			defaultConfigurationName = Release;
		};
		787C645C229E0F9C00569FE2 /* Build configuration list for PBXNativeTarget "MBProgressHUD封装" */ = {
			isa = XCConfigurationList;
			buildConfigurations = (
				787C645D229E0F9C00569FE2 /* Debug */,
				787C645E229E0F9C00569FE2 /* Release */,
			);
			defaultConfigurationIsVisible = 0;
			defaultConfigurationName = Release;
		};
/* End XCConfigurationList section */
	};
	rootObject = 787C643E229E0F9900569FE2 /* Project object */;
}
