// !$*UTF8*$!
{
	archiveVersion = 1;
	classes = {
	};
	objectVersion = 46;
	objects = {

/* Begin PBXBuildFile section */
		8E431F4C1BEF7F4D0018B812 /* main.m in Sources */ = {isa = PBXBuildFile; fileRef = 8E431F4B1BEF7F4D0018B812 /* main.m */; };
		8E431F541BEF7F5F0018B812 /* NSString+fileSize.m in Sources */ = {isa = PBXBuildFile; fileRef = 8E431F531BEF7F5F0018B812 /* NSString+fileSize.m */; };
		8E431F571BEF89BF0018B812 /* ZJGetCachesSize.m in Sources */ = {isa = PBXBuildFile; fileRef = 8E431F561BEF89BF0018B812 /* ZJGetCachesSize.m */; };
/* End PBXBuildFile section */

/* Begin PBXCopyFilesBuildPhase section */
		8E431F461BEF7F4D0018B812 /* CopyFiles */ = {
			isa = PBXCopyFilesBuildPhase;
			buildActionMask = 2147483647;
			dstPath = /usr/share/man/man1/;
			dstSubfolderSpec = 0;
			files = (
			);
			runOnlyForDeploymentPostprocessing = 1;
		};
/* End PBXCopyFilesBuildPhase section */

/* Begin PBXFileReference section */
		8E431F481BEF7F4D0018B812 /* fileSize */ = {isa = PBXFileReference; explicitFileType = "compiled.mach-o.executable"; includeInIndex = 0; path = fileSize; sourceTree = BUILT_PRODUCTS_DIR; };
		8E431F4B1BEF7F4D0018B812 /* main.m */ = {isa = PBXFileReference; lastKnownFileType = sourcecode.c.objc; path = main.m; sourceTree = "<group>"; };
		8E431F521BEF7F5F0018B812 /* NSString+fileSize.h */ = {isa = PBXFileReference; fileEncoding = 4; lastKnownFileType = sourcecode.c.h; path = "NSString+fileSize.h"; sourceTree = "<group>"; };
		8E431F531BEF7F5F0018B812 /* NSString+fileSize.m */ = {isa = PBXFileReference; fileEncoding = 4; lastKnownFileType = sourcecode.c.objc; path = "NSString+fileSize.m"; sourceTree = "<group>"; };
		8E431F551BEF89BF0018B812 /* ZJGetCachesSize.h */ = {isa = PBXFileReference; fileEncoding = 4; lastKnownFileType = sourcecode.c.h; path = ZJGetCachesSize.h; sourceTree = "<group>"; };
		8E431F561BEF89BF0018B812 /* ZJGetCachesSize.m */ = {isa = PBXFileReference; fileEncoding = 4; lastKnownFileType = sourcecode.c.objc; path = ZJGetCachesSize.m; sourceTree = "<group>"; };
/* End PBXFileReference section */

/* Begin PBXFrameworksBuildPhase section */
		8E431F451BEF7F4D0018B812 /* Frameworks */ = {
			isa = PBXFrameworksBuildPhase;
			buildActionMask = 2147483647;
			files = (
			);
			runOnlyForDeploymentPostprocessing = 0;
		};
/* End PBXFrameworksBuildPhase section */

/* Begin PBXGroup section */
		8E431F3F1BEF7F4D0018B812 = {
			isa = PBXGroup;
			children = (
				8E431F4A1BEF7F4D0018B812 /* fileSize */,
				8E431F491BEF7F4D0018B812 /* Products */,
			);
			sourceTree = "<group>";
		};
		8E431F491BEF7F4D0018B812 /* Products */ = {
			isa = PBXGroup;
			children = (
				8E431F481BEF7F4D0018B812 /* fileSize */,
			);
			name = Products;
			sourceTree = "<group>";
		};
		8E431F4A1BEF7F4D0018B812 /* fileSize */ = {
			isa = PBXGroup;
			children = (
				8E431F4B1BEF7F4D0018B812 /* main.m */,
				8E431F521BEF7F5F0018B812 /* NSString+fileSize.h */,
				8E431F531BEF7F5F0018B812 /* NSString+fileSize.m */,
				8E431F551BEF89BF0018B812 /* ZJGetCachesSize.h */,
				8E431F561BEF89BF0018B812 /* ZJGetCachesSize.m */,
			);
			path = fileSize;
			sourceTree = "<group>";
		};
/* End PBXGroup section */

/* Begin PBXNativeTarget section */
		8E431F471BEF7F4D0018B812 /* fileSize */ = {
			isa = PBXNativeTarget;
			buildConfigurationList = 8E431F4F1BEF7F4D0018B812 /* Build configuration list for PBXNativeTarget "fileSize" */;
			buildPhases = (
				8E431F441BEF7F4D0018B812 /* Sources */,
				8E431F451BEF7F4D0018B812 /* Frameworks */,
				8E431F461BEF7F4D0018B812 /* CopyFiles */,
			);
			buildRules = (
			);
			dependencies = (
			);
			name = fileSize;
			productName = fileSize;
			productReference = 8E431F481BEF7F4D0018B812 /* fileSize */;
			productType = "com.apple.product-type.tool";
		};
/* End PBXNativeTarget section */

/* Begin PBXProject section */
		8E431F401BEF7F4D0018B812 /* Project object */ = {
			isa = PBXProject;
			attributes = {
				LastUpgradeCheck = 0710;
				ORGANIZATIONNAME = ZHUNJIEE;
				TargetAttributes = {
					8E431F471BEF7F4D0018B812 = {
						CreatedOnToolsVersion = 7.1;
					};
				};
			};
			buildConfigurationList = 8E431F431BEF7F4D0018B812 /* Build configuration list for PBXProject "fileSize" */;
			compatibilityVersion = "Xcode 3.2";
			developmentRegion = English;
			hasScannedForEncodings = 0;
			knownRegions = (
				en,
			);
			mainGroup = 8E431F3F1BEF7F4D0018B812;
			productRefGroup = 8E431F491BEF7F4D0018B812 /* Products */;
			projectDirPath = "";
			projectRoot = "";
			targets = (
				8E431F471BEF7F4D0018B812 /* fileSize */,
			);
		};
/* End PBXProject section */

/* Begin PBXSourcesBuildPhase section */
		8E431F441BEF7F4D0018B812 /* Sources */ = {
			isa = PBXSourcesBuildPhase;
			buildActionMask = 2147483647;
			files = (
				8E431F541BEF7F5F0018B812 /* NSString+fileSize.m in Sources */,
				8E431F4C1BEF7F4D0018B812 /* main.m in Sources */,
				8E431F571BEF89BF0018B812 /* ZJGetCachesSize.m in Sources */,
			);
			runOnlyForDeploymentPostprocessing = 0;
		};
/* End PBXSourcesBuildPhase section */

/* Begin XCBuildConfiguration section */
		8E431F4D1BEF7F4D0018B812 /* Debug */ = {
			isa = XCBuildConfiguration;
			buildSettings = {
				ALWAYS_SEARCH_USER_PATHS = NO;
				CLANG_CXX_LANGUAGE_STANDARD = "gnu++0x";
				CLANG_CXX_LIBRARY = "libc++";
				CLANG_ENABLE_MODULES = YES;
				CLANG_ENABLE_OBJC_ARC = YES;
				CLANG_WARN_BOOL_CONVERSION = YES;
				CLANG_WARN_CONSTANT_CONVERSION = YES;
				CLANG_WARN_DIRECT_OBJC_ISA_USAGE = YES_ERROR;
				CLANG_WARN_EMPTY_BODY = YES;
				CLANG_WARN_ENUM_CONVERSION = YES;
				CLANG_WARN_INT_CONVERSION = YES;
				CLANG_WARN_OBJC_ROOT_CLASS = YES_ERROR;
				CLANG_WARN_UNREACHABLE_CODE = YES;
				CLANG_WARN__DUPLICATE_METHOD_MATCH = YES;
				CODE_SIGN_IDENTITY = "-";
				COPY_PHASE_STRIP = NO;
				DEBUG_INFORMATION_FORMAT = dwarf;
				ENABLE_STRICT_OBJC_MSGSEND = YES;
				ENABLE_TESTABILITY = YES;
				GCC_C_LANGUAGE_STANDARD = gnu99;
				GCC_DYNAMIC_NO_PIC = NO;
				GCC_NO_COMMON_BLOCKS = YES;
				GCC_OPTIMIZATION_LEVEL = 0;
				GCC_PREPROCESSOR_DEFINITIONS = (
					"DEBUG=1",
					"$(inherited)",
				);
				GCC_WARN_64_TO_32_BIT_CONVERSION = YES;
				GCC_WARN_ABOUT_RETURN_TYPE = YES_ERROR;
				GCC_WARN_UNDECLARED_SELECTOR = YES;
				GCC_WARN_UNINITIALIZED_AUTOS = YES_AGGRESSIVE;
				GCC_WARN_UNUSED_FUNCTION = YES;
				GCC_WARN_UNUSED_VARIABLE = YES;
				MACOSX_DEPLOYMENT_TARGET = 10.11;
				MTL_ENABLE_DEBUG_INFO = YES;
				ONLY_ACTIVE_ARCH = YES;
				SDKROOT = macosx;
			};
			name = Debug;
		};
		8E431F4E1BEF7F4D0018B812 /* Release */ = {
			isa = XCBuildConfiguration;
			buildSettings = {
				ALWAYS_SEARCH_USER_PATHS = NO;
				CLANG_CXX_LANGUAGE_STANDARD = "gnu++0x";
				CLANG_CXX_LIBRARY = "libc++";
				CLANG_ENABLE_MODULES = YES;
				CLANG_ENABLE_OBJC_ARC = YES;
				CLANG_WARN_BOOL_CONVERSION = YES;
				CLANG_WARN_CONSTANT_CONVERSION = YES;
				CLANG_WARN_DIRECT_OBJC_ISA_USAGE = YES_ERROR;
				CLANG_WARN_EMPTY_BODY = YES;
				CLANG_WARN_ENUM_CONVERSION = YES;
				CLANG_WARN_INT_CONVERSION = YES;
				CLANG_WARN_OBJC_ROOT_CLASS = YES_ERROR;
				CLANG_WARN_UNREACHABLE_CODE = YES;
				CLANG_WARN__DUPLICATE_METHOD_MATCH = YES;
				CODE_SIGN_IDENTITY = "-";
				COPY_PHASE_STRIP = NO;
				DEBUG_INFORMATION_FORMAT = "dwarf-with-dsym";
				ENABLE_NS_ASSERTIONS = NO;
				ENABLE_STRICT_OBJC_MSGSEND = YES;
				GCC_C_LANGUAGE_STANDARD = gnu99;
				GCC_NO_COMMON_BLOCKS = YES;
				GCC_WARN_64_TO_32_BIT_CONVERSION = YES;
				GCC_WARN_ABOUT_RETURN_TYPE = YES_ERROR;
				GCC_WARN_UNDECLARED_SELECTOR = YES;
				GCC_WARN_UNINITIALIZED_AUTOS = YES_AGGRESSIVE;
				GCC_WARN_UNUSED_FUNCTION = YES;
				GCC_WARN_UNUSED_VARIABLE = YES;
				MACOSX_DEPLOYMENT_TARGET = 10.11;
				MTL_ENABLE_DEBUG_INFO = NO;
				SDKROOT = macosx;
			};
			name = Release;
		};
		8E431F501BEF7F4D0018B812 /* Debug */ = {
			isa = XCBuildConfiguration;
			buildSettings = {
				PRODUCT_NAME = "$(TARGET_NAME)";
			};
			name = Debug;
		};
		8E431F511BEF7F4D0018B812 /* Release */ = {
			isa = XCBuildConfiguration;
			buildSettings = {
				PRODUCT_NAME = "$(TARGET_NAME)";
			};
			name = Release;
		};
/* End XCBuildConfiguration section */

/* Begin XCConfigurationList section */
		8E431F431BEF7F4D0018B812 /* Build configuration list for PBXProject "fileSize" */ = {
			isa = XCConfigurationList;
			buildConfigurations = (
				8E431F4D1BEF7F4D0018B812 /* Debug */,
				8E431F4E1BEF7F4D0018B812 /* Release */,
			);
			defaultConfigurationIsVisible = 0;
			defaultConfigurationName = Release;
		};
		8E431F4F1BEF7F4D0018B812 /* Build configuration list for PBXNativeTarget "fileSize" */ = {
			isa = XCConfigurationList;
			buildConfigurations = (
				8E431F501BEF7F4D0018B812 /* Debug */,
				8E431F511BEF7F4D0018B812 /* Release */,
			);
			defaultConfigurationIsVisible = 0;
		};
/* End XCConfigurationList section */
	};
	rootObject = 8E431F401BEF7F4D0018B812 /* Project object */;
}
