// !$*UTF8*$!
{
	archiveVersion = 1;
	classes = {
	};
	objectVersion = 50;
	objects = {

/* Begin PBXBuildFile section */
		781D2DC923CAF18200B92A9D /* AppDelegate.m in Sources */ = {isa = PBXBuildFile; fileRef = 781D2DC823CAF18200B92A9D /* AppDelegate.m */; };
		781D2DCC23CAF18200B92A9D /* SceneDelegate.m in Sources */ = {isa = PBXBuildFile; fileRef = 781D2DCB23CAF18200B92A9D /* SceneDelegate.m */; };
		781D2DCF23CAF18200B92A9D /* ViewController.m in Sources */ = {isa = PBXBuildFile; fileRef = 781D2DCE23CAF18200B92A9D /* ViewController.m */; };
		781D2DD223CAF18200B92A9D /* Main.storyboard in Resources */ = {isa = PBXBuildFile; fileRef = 781D2DD023CAF18200B92A9D /* Main.storyboard */; };
		781D2DD423CAF18400B92A9D /* Assets.xcassets in Resources */ = {isa = PBXBuildFile; fileRef = 781D2DD323CAF18400B92A9D /* Assets.xcassets */; };
		781D2DD723CAF18400B92A9D /* LaunchScreen.storyboard in Resources */ = {isa = PBXBuildFile; fileRef = 781D2DD523CAF18400B92A9D /* LaunchScreen.storyboard */; };
		781D2DDA23CAF18400B92A9D /* main.m in Sources */ = {isa = PBXBuildFile; fileRef = 781D2DD923CAF18400B92A9D /* main.m */; };
		781D2DE223CAF2B100B92A9D /* Singleton.m in Sources */ = {isa = PBXBuildFile; fileRef = 781D2DE123CAF2B100B92A9D /* Singleton.m */; };
/* End PBXBuildFile section */

/* Begin PBXFileReference section */
		781D2DC423CAF18200B92A9D /* 单例.app */ = {isa = PBXFileReference; explicitFileType = wrapper.application; includeInIndex = 0; path = "单例.app"; sourceTree = BUILT_PRODUCTS_DIR; };
		781D2DC723CAF18200B92A9D /* AppDelegate.h */ = {isa = PBXFileReference; lastKnownFileType = sourcecode.c.h; path = AppDelegate.h; sourceTree = "<group>"; };
		781D2DC823CAF18200B92A9D /* AppDelegate.m */ = {isa = PBXFileReference; lastKnownFileType = sourcecode.c.objc; path = AppDelegate.m; sourceTree = "<group>"; };
		781D2DCA23CAF18200B92A9D /* SceneDelegate.h */ = {isa = PBXFileReference; lastKnownFileType = sourcecode.c.h; path = SceneDelegate.h; sourceTree = "<group>"; };
		781D2DCB23CAF18200B92A9D /* SceneDelegate.m */ = {isa = PBXFileReference; lastKnownFileType = sourcecode.c.objc; path = SceneDelegate.m; sourceTree = "<group>"; };
		781D2DCD23CAF18200B92A9D /* ViewController.h */ = {isa = PBXFileReference; lastKnownFileType = sourcecode.c.h; path = ViewController.h; sourceTree = "<group>"; };
		781D2DCE23CAF18200B92A9D /* ViewController.m */ = {isa = PBXFileReference; lastKnownFileType = sourcecode.c.objc; path = ViewController.m; sourceTree = "<group>"; };
		781D2DD123CAF18200B92A9D /* Base */ = {isa = PBXFileReference; lastKnownFileType = file.storyboard; name = Base; path = Base.lproj/Main.storyboard; sourceTree = "<group>"; };
		781D2DD323CAF18400B92A9D /* Assets.xcassets */ = {isa = PBXFileReference; lastKnownFileType = folder.assetcatalog; path = Assets.xcassets; sourceTree = "<group>"; };
		781D2DD623CAF18400B92A9D /* Base */ = {isa = PBXFileReference; lastKnownFileType = file.storyboard; name = Base; path = Base.lproj/LaunchScreen.storyboard; sourceTree = "<group>"; };
		781D2DD823CAF18400B92A9D /* Info.plist */ = {isa = PBXFileReference; lastKnownFileType = text.plist.xml; path = Info.plist; sourceTree = "<group>"; };
		781D2DD923CAF18400B92A9D /* main.m */ = {isa = PBXFileReference; lastKnownFileType = sourcecode.c.objc; path = main.m; sourceTree = "<group>"; };
		781D2DE023CAF2B100B92A9D /* Singleton.h */ = {isa = PBXFileReference; lastKnownFileType = sourcecode.c.h; path = Singleton.h; sourceTree = "<group>"; };
		781D2DE123CAF2B100B92A9D /* Singleton.m */ = {isa = PBXFileReference; lastKnownFileType = sourcecode.c.objc; path = Singleton.m; sourceTree = "<group>"; };
/* End PBXFileReference section */

/* Begin PBXFrameworksBuildPhase section */
		781D2DC123CAF18200B92A9D /* Frameworks */ = {
			isa = PBXFrameworksBuildPhase;
			buildActionMask = 2147483647;
			files = (
			);
			runOnlyForDeploymentPostprocessing = 0;
		};
/* End PBXFrameworksBuildPhase section */

/* Begin PBXGroup section */
		781D2DBB23CAF18200B92A9D = {
			isa = PBXGroup;
			children = (
				781D2DC623CAF18200B92A9D /* 单例 */,
				781D2DC523CAF18200B92A9D /* Products */,
			);
			sourceTree = "<group>";
		};
		781D2DC523CAF18200B92A9D /* Products */ = {
			isa = PBXGroup;
			children = (
				781D2DC423CAF18200B92A9D /* 单例.app */,
			);
			name = Products;
			sourceTree = "<group>";
		};
		781D2DC623CAF18200B92A9D /* 单例 */ = {
			isa = PBXGroup;
			children = (
				781D2DC723CAF18200B92A9D /* AppDelegate.h */,
				781D2DC823CAF18200B92A9D /* AppDelegate.m */,
				781D2DCA23CAF18200B92A9D /* SceneDelegate.h */,
				781D2DCB23CAF18200B92A9D /* SceneDelegate.m */,
				781D2DCD23CAF18200B92A9D /* ViewController.h */,
				781D2DCE23CAF18200B92A9D /* ViewController.m */,
				781D2DD023CAF18200B92A9D /* Main.storyboard */,
				781D2DD323CAF18400B92A9D /* Assets.xcassets */,
				781D2DD523CAF18400B92A9D /* LaunchScreen.storyboard */,
				781D2DD823CAF18400B92A9D /* Info.plist */,
				781D2DD923CAF18400B92A9D /* main.m */,
				781D2DE023CAF2B100B92A9D /* Singleton.h */,
				781D2DE123CAF2B100B92A9D /* Singleton.m */,
			);
			path = "单例";
			sourceTree = "<group>";
		};
/* End PBXGroup section */

/* Begin PBXNativeTarget section */
		781D2DC323CAF18200B92A9D /* 单例 */ = {
			isa = PBXNativeTarget;
			buildConfigurationList = 781D2DDD23CAF18400B92A9D /* Build configuration list for PBXNativeTarget "单例" */;
			buildPhases = (
				781D2DC023CAF18200B92A9D /* Sources */,
				781D2DC123CAF18200B92A9D /* Frameworks */,
				781D2DC223CAF18200B92A9D /* Resources */,
			);
			buildRules = (
			);
			dependencies = (
			);
			name = "单例";
			productName = "单例";
			productReference = 781D2DC423CAF18200B92A9D /* 单例.app */;
			productType = "com.apple.product-type.application";
		};
/* End PBXNativeTarget section */

/* Begin PBXProject section */
		781D2DBC23CAF18200B92A9D /* Project object */ = {
			isa = PBXProject;
			attributes = {
				LastUpgradeCheck = 1130;
				ORGANIZATIONNAME = ZHUNJIEE;
				TargetAttributes = {
					781D2DC323CAF18200B92A9D = {
						CreatedOnToolsVersion = 11.3;
					};
				};
			};
			buildConfigurationList = 781D2DBF23CAF18200B92A9D /* Build configuration list for PBXProject "单例" */;
			compatibilityVersion = "Xcode 9.3";
			developmentRegion = en;
			hasScannedForEncodings = 0;
			knownRegions = (
				en,
				Base,
			);
			mainGroup = 781D2DBB23CAF18200B92A9D;
			productRefGroup = 781D2DC523CAF18200B92A9D /* Products */;
			projectDirPath = "";
			projectRoot = "";
			targets = (
				781D2DC323CAF18200B92A9D /* 单例 */,
			);
		};
/* End PBXProject section */

/* Begin PBXResourcesBuildPhase section */
		781D2DC223CAF18200B92A9D /* Resources */ = {
			isa = PBXResourcesBuildPhase;
			buildActionMask = 2147483647;
			files = (
				781D2DD723CAF18400B92A9D /* LaunchScreen.storyboard in Resources */,
				781D2DD423CAF18400B92A9D /* Assets.xcassets in Resources */,
				781D2DD223CAF18200B92A9D /* Main.storyboard in Resources */,
			);
			runOnlyForDeploymentPostprocessing = 0;
		};
/* End PBXResourcesBuildPhase section */

/* Begin PBXSourcesBuildPhase section */
		781D2DC023CAF18200B92A9D /* Sources */ = {
			isa = PBXSourcesBuildPhase;
			buildActionMask = 2147483647;
			files = (
				781D2DCF23CAF18200B92A9D /* ViewController.m in Sources */,
				781D2DC923CAF18200B92A9D /* AppDelegate.m in Sources */,
				781D2DDA23CAF18400B92A9D /* main.m in Sources */,
				781D2DCC23CAF18200B92A9D /* SceneDelegate.m in Sources */,
				781D2DE223CAF2B100B92A9D /* Singleton.m in Sources */,
			);
			runOnlyForDeploymentPostprocessing = 0;
		};
/* End PBXSourcesBuildPhase section */

/* Begin PBXVariantGroup section */
		781D2DD023CAF18200B92A9D /* Main.storyboard */ = {
			isa = PBXVariantGroup;
			children = (
				781D2DD123CAF18200B92A9D /* Base */,
			);
			name = Main.storyboard;
			sourceTree = "<group>";
		};
		781D2DD523CAF18400B92A9D /* LaunchScreen.storyboard */ = {
			isa = PBXVariantGroup;
			children = (
				781D2DD623CAF18400B92A9D /* Base */,
			);
			name = LaunchScreen.storyboard;
			sourceTree = "<group>";
		};
/* End PBXVariantGroup section */

/* Begin XCBuildConfiguration section */
		781D2DDB23CAF18400B92A9D /* Debug */ = {
			isa = XCBuildConfiguration;
			buildSettings = {
				ALWAYS_SEARCH_USER_PATHS = NO;
				CLANG_ANALYZER_NONNULL = YES;
				CLANG_ANALYZER_NUMBER_OBJECT_CONVERSION = YES_AGGRESSIVE;
				CLANG_CXX_LANGUAGE_STANDARD = "gnu++14";
				CLANG_CXX_LIBRARY = "libc++";
				CLANG_ENABLE_MODULES = YES;
				CLANG_ENABLE_OBJC_ARC = YES;
				CLANG_ENABLE_OBJC_WEAK = YES;
				CLANG_WARN_BLOCK_CAPTURE_AUTORELEASING = YES;
				CLANG_WARN_BOOL_CONVERSION = YES;
				CLANG_WARN_COMMA = YES;
				CLANG_WARN_CONSTANT_CONVERSION = YES;
				CLANG_WARN_DEPRECATED_OBJC_IMPLEMENTATIONS = YES;
				CLANG_WARN_DIRECT_OBJC_ISA_USAGE = YES_ERROR;
				CLANG_WARN_DOCUMENTATION_COMMENTS = YES;
				CLANG_WARN_EMPTY_BODY = YES;
				CLANG_WARN_ENUM_CONVERSION = YES;
				CLANG_WARN_INFINITE_RECURSION = YES;
				CLANG_WARN_INT_CONVERSION = YES;
				CLANG_WARN_NON_LITERAL_NULL_CONVERSION = YES;
				CLANG_WARN_OBJC_IMPLICIT_RETAIN_SELF = YES;
				CLANG_WARN_OBJC_LITERAL_CONVERSION = YES;
				CLANG_WARN_OBJC_ROOT_CLASS = YES_ERROR;
				CLANG_WARN_RANGE_LOOP_ANALYSIS = YES;
				CLANG_WARN_STRICT_PROTOTYPES = YES;
				CLANG_WARN_SUSPICIOUS_MOVE = YES;
				CLANG_WARN_UNGUARDED_AVAILABILITY = YES_AGGRESSIVE;
				CLANG_WARN_UNREACHABLE_CODE = YES;
				CLANG_WARN__DUPLICATE_METHOD_MATCH = YES;
				COPY_PHASE_STRIP = NO;
				DEBUG_INFORMATION_FORMAT = dwarf;
				ENABLE_STRICT_OBJC_MSGSEND = YES;
				ENABLE_TESTABILITY = YES;
				GCC_C_LANGUAGE_STANDARD = gnu11;
				GCC_DYNAMIC_NO_PIC = NO;
				GCC_NO_COMMON_BLOCKS = YES;
				GCC_OPTIMIZATION_LEVEL = 0;
				GCC_PREPROCESSOR_DEFINITIONS = (
					"DEBUG=1",
					"$(inherited)",
				);
				GCC_WARN_64_TO_32_BIT_CONVERSION = YES;
				GCC_WARN_ABOUT_RETURN_TYPE = YES_ERROR;
				GCC_WARN_UNDECLARED_SELECTOR = YES;
				GCC_WARN_UNINITIALIZED_AUTOS = YES_AGGRESSIVE;
				GCC_WARN_UNUSED_FUNCTION = YES;
				GCC_WARN_UNUSED_VARIABLE = YES;
				IPHONEOS_DEPLOYMENT_TARGET = 13.2;
				MTL_ENABLE_DEBUG_INFO = INCLUDE_SOURCE;
				MTL_FAST_MATH = YES;
				ONLY_ACTIVE_ARCH = YES;
				SDKROOT = iphoneos;
			};
			name = Debug;
		};
		781D2DDC23CAF18400B92A9D /* Release */ = {
			isa = XCBuildConfiguration;
			buildSettings = {
				ALWAYS_SEARCH_USER_PATHS = NO;
				CLANG_ANALYZER_NONNULL = YES;
				CLANG_ANALYZER_NUMBER_OBJECT_CONVERSION = YES_AGGRESSIVE;
				CLANG_CXX_LANGUAGE_STANDARD = "gnu++14";
				CLANG_CXX_LIBRARY = "libc++";
				CLANG_ENABLE_MODULES = YES;
				CLANG_ENABLE_OBJC_ARC = YES;
				CLANG_ENABLE_OBJC_WEAK = YES;
				CLANG_WARN_BLOCK_CAPTURE_AUTORELEASING = YES;
				CLANG_WARN_BOOL_CONVERSION = YES;
				CLANG_WARN_COMMA = YES;
				CLANG_WARN_CONSTANT_CONVERSION = YES;
				CLANG_WARN_DEPRECATED_OBJC_IMPLEMENTATIONS = YES;
				CLANG_WARN_DIRECT_OBJC_ISA_USAGE = YES_ERROR;
				CLANG_WARN_DOCUMENTATION_COMMENTS = YES;
				CLANG_WARN_EMPTY_BODY = YES;
				CLANG_WARN_ENUM_CONVERSION = YES;
				CLANG_WARN_INFINITE_RECURSION = YES;
				CLANG_WARN_INT_CONVERSION = YES;
				CLANG_WARN_NON_LITERAL_NULL_CONVERSION = YES;
				CLANG_WARN_OBJC_IMPLICIT_RETAIN_SELF = YES;
				CLANG_WARN_OBJC_LITERAL_CONVERSION = YES;
				CLANG_WARN_OBJC_ROOT_CLASS = YES_ERROR;
				CLANG_WARN_RANGE_LOOP_ANALYSIS = YES;
				CLANG_WARN_STRICT_PROTOTYPES = YES;
				CLANG_WARN_SUSPICIOUS_MOVE = YES;
				CLANG_WARN_UNGUARDED_AVAILABILITY = YES_AGGRESSIVE;
				CLANG_WARN_UNREACHABLE_CODE = YES;
				CLANG_WARN__DUPLICATE_METHOD_MATCH = YES;
				COPY_PHASE_STRIP = NO;
				DEBUG_INFORMATION_FORMAT = "dwarf-with-dsym";
				ENABLE_NS_ASSERTIONS = NO;
				ENABLE_STRICT_OBJC_MSGSEND = YES;
				GCC_C_LANGUAGE_STANDARD = gnu11;
				GCC_NO_COMMON_BLOCKS = YES;
				GCC_WARN_64_TO_32_BIT_CONVERSION = YES;
				GCC_WARN_ABOUT_RETURN_TYPE = YES_ERROR;
				GCC_WARN_UNDECLARED_SELECTOR = YES;
				GCC_WARN_UNINITIALIZED_AUTOS = YES_AGGRESSIVE;
				GCC_WARN_UNUSED_FUNCTION = YES;
				GCC_WARN_UNUSED_VARIABLE = YES;
				IPHONEOS_DEPLOYMENT_TARGET = 13.2;
				MTL_ENABLE_DEBUG_INFO = NO;
				MTL_FAST_MATH = YES;
				SDKROOT = iphoneos;
				VALIDATE_PRODUCT = YES;
			};
			name = Release;
		};
		781D2DDE23CAF18400B92A9D /* Debug */ = {
			isa = XCBuildConfiguration;
			buildSettings = {
				ASSETCATALOG_COMPILER_APPICON_NAME = AppIcon;
				CODE_SIGN_STYLE = Automatic;
				DEVELOPMENT_TEAM = E9NKWLKTG4;
				INFOPLIST_FILE = "单例/Info.plist";
				LD_RUNPATH_SEARCH_PATHS = (
					"$(inherited)",
					"@executable_path/Frameworks",
				);
				PRODUCT_BUNDLE_IDENTIFIER = "com.zhunjiee.--";
				PRODUCT_NAME = "$(TARGET_NAME)";
				TARGETED_DEVICE_FAMILY = "1,2";
			};
			name = Debug;
		};
		781D2DDF23CAF18400B92A9D /* Release */ = {
			isa = XCBuildConfiguration;
			buildSettings = {
				ASSETCATALOG_COMPILER_APPICON_NAME = AppIcon;
				CODE_SIGN_STYLE = Automatic;
				DEVELOPMENT_TEAM = E9NKWLKTG4;
				INFOPLIST_FILE = "单例/Info.plist";
				LD_RUNPATH_SEARCH_PATHS = (
					"$(inherited)",
					"@executable_path/Frameworks",
				);
				PRODUCT_BUNDLE_IDENTIFIER = "com.zhunjiee.--";
				PRODUCT_NAME = "$(TARGET_NAME)";
				TARGETED_DEVICE_FAMILY = "1,2";
			};
			name = Release;
		};
/* End XCBuildConfiguration section */

/* Begin XCConfigurationList section */
		781D2DBF23CAF18200B92A9D /* Build configuration list for PBXProject "单例" */ = {
			isa = XCConfigurationList;
			buildConfigurations = (
				781D2DDB23CAF18400B92A9D /* Debug */,
				781D2DDC23CAF18400B92A9D /* Release */,
			);
			defaultConfigurationIsVisible = 0;
			defaultConfigurationName = Release;
		};
		781D2DDD23CAF18400B92A9D /* Build configuration list for PBXNativeTarget "单例" */ = {
			isa = XCConfigurationList;
			buildConfigurations = (
				781D2DDE23CAF18400B92A9D /* Debug */,
				781D2DDF23CAF18400B92A9D /* Release */,
			);
			defaultConfigurationIsVisible = 0;
			defaultConfigurationName = Release;
		};
/* End XCConfigurationList section */
	};
	rootObject = 781D2DBC23CAF18200B92A9D /* Project object */;
}
