// !$*UTF8*$!
{
	archiveVersion = 1;
	classes = {
	};
	objectVersion = 50;
	objects = {

/* Begin PBXBuildFile section */
		78A86AB4229F5FA2003643CB /* AppDelegate.swift in Sources */ = {isa = PBXBuildFile; fileRef = 78A86AB3229F5FA2003643CB /* AppDelegate.swift */; };
		78A86AB6229F5FA2003643CB /* ViewController.swift in Sources */ = {isa = PBXBuildFile; fileRef = 78A86AB5229F5FA2003643CB /* ViewController.swift */; };
		78A86AB9229F5FA2003643CB /* Main.storyboard in Resources */ = {isa = PBXBuildFile; fileRef = 78A86AB7229F5FA2003643CB /* Main.storyboard */; };
		78A86ABB229F5FA3003643CB /* Assets.xcassets in Resources */ = {isa = PBXBuildFile; fileRef = 78A86ABA229F5FA3003643CB /* Assets.xcassets */; };
		78A86ABE229F5FA3003643CB /* LaunchScreen.storyboard in Resources */ = {isa = PBXBuildFile; fileRef = 78A86ABC229F5FA3003643CB /* LaunchScreen.storyboard */; };
		78A86ACE229F618B003643CB /* BaseTableViewController.swift in Sources */ = {isa = PBXBuildFile; fileRef = 78A86ACD229F618B003643CB /* BaseTableViewController.swift */; };
		78A86AD0229F61A1003643CB /* BaseViewController.swift in Sources */ = {isa = PBXBuildFile; fileRef = 78A86ACF229F61A1003643CB /* BaseViewController.swift */; };
		78A86AD2229F61D1003643CB /* BaseNavigationController.swift in Sources */ = {isa = PBXBuildFile; fileRef = 78A86AD1229F61D1003643CB /* BaseNavigationController.swift */; };
		78A86AD4229F61EB003643CB /* BaseTabBarController.swift in Sources */ = {isa = PBXBuildFile; fileRef = 78A86AD3229F61EB003643CB /* BaseTabBarController.swift */; };
		78A86AD6229F6252003643CB /* HomeViewController.swift in Sources */ = {isa = PBXBuildFile; fileRef = 78A86AD5229F6252003643CB /* HomeViewController.swift */; };
		78A86AD9229F6273003643CB /* LiveViewController.swift in Sources */ = {isa = PBXBuildFile; fileRef = 78A86AD8229F6273003643CB /* LiveViewController.swift */; };
		78A86ADC229F628A003643CB /* FollowViewController.swift in Sources */ = {isa = PBXBuildFile; fileRef = 78A86ADB229F628A003643CB /* FollowViewController.swift */; };
		78A86ADF229F62AA003643CB /* MineViewController.swift in Sources */ = {isa = PBXBuildFile; fileRef = 78A86ADE229F62AA003643CB /* MineViewController.swift */; };
		78A86AE2229F68D8003643CB /* PrefixHeader.swift in Sources */ = {isa = PBXBuildFile; fileRef = 78A86AE1229F68D8003643CB /* PrefixHeader.swift */; };
/* End PBXBuildFile section */

/* Begin PBXFileReference section */
		78A86AB0229F5FA2003643CB /* swift-APP框架搭建.app */ = {isa = PBXFileReference; explicitFileType = wrapper.application; includeInIndex = 0; path = "swift-APP框架搭建.app"; sourceTree = BUILT_PRODUCTS_DIR; };
		78A86AB3229F5FA2003643CB /* AppDelegate.swift */ = {isa = PBXFileReference; lastKnownFileType = sourcecode.swift; path = AppDelegate.swift; sourceTree = "<group>"; };
		78A86AB5229F5FA2003643CB /* ViewController.swift */ = {isa = PBXFileReference; lastKnownFileType = sourcecode.swift; path = ViewController.swift; sourceTree = "<group>"; };
		78A86AB8229F5FA2003643CB /* Base */ = {isa = PBXFileReference; lastKnownFileType = file.storyboard; name = Base; path = Base.lproj/Main.storyboard; sourceTree = "<group>"; };
		78A86ABA229F5FA3003643CB /* Assets.xcassets */ = {isa = PBXFileReference; lastKnownFileType = folder.assetcatalog; path = Assets.xcassets; sourceTree = "<group>"; };
		78A86ABD229F5FA3003643CB /* Base */ = {isa = PBXFileReference; lastKnownFileType = file.storyboard; name = Base; path = Base.lproj/LaunchScreen.storyboard; sourceTree = "<group>"; };
		78A86ABF229F5FA3003643CB /* Info.plist */ = {isa = PBXFileReference; lastKnownFileType = text.plist.xml; path = Info.plist; sourceTree = "<group>"; };
		78A86ACD229F618B003643CB /* BaseTableViewController.swift */ = {isa = PBXFileReference; lastKnownFileType = sourcecode.swift; path = BaseTableViewController.swift; sourceTree = "<group>"; };
		78A86ACF229F61A1003643CB /* BaseViewController.swift */ = {isa = PBXFileReference; lastKnownFileType = sourcecode.swift; path = BaseViewController.swift; sourceTree = "<group>"; };
		78A86AD1229F61D1003643CB /* BaseNavigationController.swift */ = {isa = PBXFileReference; lastKnownFileType = sourcecode.swift; path = BaseNavigationController.swift; sourceTree = "<group>"; };
		78A86AD3229F61EB003643CB /* BaseTabBarController.swift */ = {isa = PBXFileReference; lastKnownFileType = sourcecode.swift; path = BaseTabBarController.swift; sourceTree = "<group>"; };
		78A86AD5229F6252003643CB /* HomeViewController.swift */ = {isa = PBXFileReference; lastKnownFileType = sourcecode.swift; path = HomeViewController.swift; sourceTree = "<group>"; };
		78A86AD8229F6273003643CB /* LiveViewController.swift */ = {isa = PBXFileReference; lastKnownFileType = sourcecode.swift; path = LiveViewController.swift; sourceTree = "<group>"; };
		78A86ADB229F628A003643CB /* FollowViewController.swift */ = {isa = PBXFileReference; lastKnownFileType = sourcecode.swift; path = FollowViewController.swift; sourceTree = "<group>"; };
		78A86ADE229F62AA003643CB /* MineViewController.swift */ = {isa = PBXFileReference; lastKnownFileType = sourcecode.swift; path = MineViewController.swift; sourceTree = "<group>"; };
		78A86AE1229F68D8003643CB /* PrefixHeader.swift */ = {isa = PBXFileReference; lastKnownFileType = sourcecode.swift; path = PrefixHeader.swift; sourceTree = "<group>"; };
/* End PBXFileReference section */

/* Begin PBXFrameworksBuildPhase section */
		78A86AAD229F5FA2003643CB /* Frameworks */ = {
			isa = PBXFrameworksBuildPhase;
			buildActionMask = 2147483647;
			files = (
			);
			runOnlyForDeploymentPostprocessing = 0;
		};
/* End PBXFrameworksBuildPhase section */

/* Begin PBXGroup section */
		78A86AA7229F5FA2003643CB = {
			isa = PBXGroup;
			children = (
				78A86AB2229F5FA2003643CB /* swift-APP框架搭建 */,
				78A86AB1229F5FA2003643CB /* Products */,
			);
			sourceTree = "<group>";
		};
		78A86AB1229F5FA2003643CB /* Products */ = {
			isa = PBXGroup;
			children = (
				78A86AB0229F5FA2003643CB /* swift-APP框架搭建.app */,
			);
			name = Products;
			sourceTree = "<group>";
		};
		78A86AB2229F5FA2003643CB /* swift-APP框架搭建 */ = {
			isa = PBXGroup;
			children = (
				78A86AC6229F60E6003643CB /* Home(首页) */,
				78A86AC7229F60F6003643CB /* Live(直播) */,
				78A86AC8229F6106003643CB /* Follow(发现) */,
				78A86AC9229F611C003643CB /* Mine(我的) */,
				78A86AE0229F6868003643CB /* Tools */,
				78A86AC5229F60CE003643CB /* Main */,
				78A86AB3229F5FA2003643CB /* AppDelegate.swift */,
				78A86AB5229F5FA2003643CB /* ViewController.swift */,
				78A86AB7229F5FA2003643CB /* Main.storyboard */,
				78A86ABA229F5FA3003643CB /* Assets.xcassets */,
				78A86ABC229F5FA3003643CB /* LaunchScreen.storyboard */,
				78A86ABF229F5FA3003643CB /* Info.plist */,
			);
			path = "swift-APP框架搭建";
			sourceTree = "<group>";
		};
		78A86AC5229F60CE003643CB /* Main */ = {
			isa = PBXGroup;
			children = (
				78A86ACD229F618B003643CB /* BaseTableViewController.swift */,
				78A86ACF229F61A1003643CB /* BaseViewController.swift */,
				78A86AD1229F61D1003643CB /* BaseNavigationController.swift */,
				78A86AD3229F61EB003643CB /* BaseTabBarController.swift */,
			);
			path = Main;
			sourceTree = "<group>";
		};
		78A86AC6229F60E6003643CB /* Home(首页) */ = {
			isa = PBXGroup;
			children = (
				78A86ACC229F614D003643CB /* Controller */,
				78A86ACB229F6145003643CB /* Model */,
				78A86ACA229F613B003643CB /* View */,
			);
			path = "Home(首页)";
			sourceTree = "<group>";
		};
		78A86AC7229F60F6003643CB /* Live(直播) */ = {
			isa = PBXGroup;
			children = (
				78A86AD7229F6258003643CB /* Controller */,
			);
			path = "Live(直播)";
			sourceTree = "<group>";
		};
		78A86AC8229F6106003643CB /* Follow(发现) */ = {
			isa = PBXGroup;
			children = (
				78A86ADA229F627B003643CB /* Controller */,
			);
			path = "Follow(发现)";
			sourceTree = "<group>";
		};
		78A86AC9229F611C003643CB /* Mine(我的) */ = {
			isa = PBXGroup;
			children = (
				78A86ADD229F6296003643CB /* Controller */,
			);
			path = "Mine(我的)";
			sourceTree = "<group>";
		};
		78A86ACA229F613B003643CB /* View */ = {
			isa = PBXGroup;
			children = (
			);
			path = View;
			sourceTree = "<group>";
		};
		78A86ACB229F6145003643CB /* Model */ = {
			isa = PBXGroup;
			children = (
			);
			path = Model;
			sourceTree = "<group>";
		};
		78A86ACC229F614D003643CB /* Controller */ = {
			isa = PBXGroup;
			children = (
				78A86AD5229F6252003643CB /* HomeViewController.swift */,
			);
			path = Controller;
			sourceTree = "<group>";
		};
		78A86AD7229F6258003643CB /* Controller */ = {
			isa = PBXGroup;
			children = (
				78A86AD8229F6273003643CB /* LiveViewController.swift */,
			);
			path = Controller;
			sourceTree = "<group>";
		};
		78A86ADA229F627B003643CB /* Controller */ = {
			isa = PBXGroup;
			children = (
				78A86ADB229F628A003643CB /* FollowViewController.swift */,
			);
			path = Controller;
			sourceTree = "<group>";
		};
		78A86ADD229F6296003643CB /* Controller */ = {
			isa = PBXGroup;
			children = (
				78A86ADE229F62AA003643CB /* MineViewController.swift */,
			);
			path = Controller;
			sourceTree = "<group>";
		};
		78A86AE0229F6868003643CB /* Tools */ = {
			isa = PBXGroup;
			children = (
				78A86AE1229F68D8003643CB /* PrefixHeader.swift */,
			);
			path = Tools;
			sourceTree = "<group>";
		};
/* End PBXGroup section */

/* Begin PBXNativeTarget section */
		78A86AAF229F5FA2003643CB /* swift-APP框架搭建 */ = {
			isa = PBXNativeTarget;
			buildConfigurationList = 78A86AC2229F5FA3003643CB /* Build configuration list for PBXNativeTarget "swift-APP框架搭建" */;
			buildPhases = (
				78A86AAC229F5FA2003643CB /* Sources */,
				78A86AAD229F5FA2003643CB /* Frameworks */,
				78A86AAE229F5FA2003643CB /* Resources */,
			);
			buildRules = (
			);
			dependencies = (
			);
			name = "swift-APP框架搭建";
			productName = "swift-APP框架搭建";
			productReference = 78A86AB0229F5FA2003643CB /* swift-APP框架搭建.app */;
			productType = "com.apple.product-type.application";
		};
/* End PBXNativeTarget section */

/* Begin PBXProject section */
		78A86AA8229F5FA2003643CB /* Project object */ = {
			isa = PBXProject;
			attributes = {
				LastSwiftUpdateCheck = 1020;
				LastUpgradeCheck = 1020;
				ORGANIZATIONNAME = ZHUNJIEE;
				TargetAttributes = {
					78A86AAF229F5FA2003643CB = {
						CreatedOnToolsVersion = 10.2.1;
					};
				};
			};
			buildConfigurationList = 78A86AAB229F5FA2003643CB /* Build configuration list for PBXProject "swift-APP框架搭建" */;
			compatibilityVersion = "Xcode 9.3";
			developmentRegion = en;
			hasScannedForEncodings = 0;
			knownRegions = (
				en,
				Base,
			);
			mainGroup = 78A86AA7229F5FA2003643CB;
			productRefGroup = 78A86AB1229F5FA2003643CB /* Products */;
			projectDirPath = "";
			projectRoot = "";
			targets = (
				78A86AAF229F5FA2003643CB /* swift-APP框架搭建 */,
			);
		};
/* End PBXProject section */

/* Begin PBXResourcesBuildPhase section */
		78A86AAE229F5FA2003643CB /* Resources */ = {
			isa = PBXResourcesBuildPhase;
			buildActionMask = 2147483647;
			files = (
				78A86ABE229F5FA3003643CB /* LaunchScreen.storyboard in Resources */,
				78A86ABB229F5FA3003643CB /* Assets.xcassets in Resources */,
				78A86AB9229F5FA2003643CB /* Main.storyboard in Resources */,
			);
			runOnlyForDeploymentPostprocessing = 0;
		};
/* End PBXResourcesBuildPhase section */

/* Begin PBXSourcesBuildPhase section */
		78A86AAC229F5FA2003643CB /* Sources */ = {
			isa = PBXSourcesBuildPhase;
			buildActionMask = 2147483647;
			files = (
				78A86ACE229F618B003643CB /* BaseTableViewController.swift in Sources */,
				78A86AE2229F68D8003643CB /* PrefixHeader.swift in Sources */,
				78A86AD0229F61A1003643CB /* BaseViewController.swift in Sources */,
				78A86AD9229F6273003643CB /* LiveViewController.swift in Sources */,
				78A86ADC229F628A003643CB /* FollowViewController.swift in Sources */,
				78A86AB6229F5FA2003643CB /* ViewController.swift in Sources */,
				78A86AD2229F61D1003643CB /* BaseNavigationController.swift in Sources */,
				78A86AB4229F5FA2003643CB /* AppDelegate.swift in Sources */,
				78A86AD6229F6252003643CB /* HomeViewController.swift in Sources */,
				78A86AD4229F61EB003643CB /* BaseTabBarController.swift in Sources */,
				78A86ADF229F62AA003643CB /* MineViewController.swift in Sources */,
			);
			runOnlyForDeploymentPostprocessing = 0;
		};
/* End PBXSourcesBuildPhase section */

/* Begin PBXVariantGroup section */
		78A86AB7229F5FA2003643CB /* Main.storyboard */ = {
			isa = PBXVariantGroup;
			children = (
				78A86AB8229F5FA2003643CB /* Base */,
			);
			name = Main.storyboard;
			sourceTree = "<group>";
		};
		78A86ABC229F5FA3003643CB /* LaunchScreen.storyboard */ = {
			isa = PBXVariantGroup;
			children = (
				78A86ABD229F5FA3003643CB /* Base */,
			);
			name = LaunchScreen.storyboard;
			sourceTree = "<group>";
		};
/* End PBXVariantGroup section */

/* Begin XCBuildConfiguration section */
		78A86AC0229F5FA3003643CB /* Debug */ = {
			isa = XCBuildConfiguration;
			buildSettings = {
				ALWAYS_SEARCH_USER_PATHS = NO;
				CLANG_ANALYZER_NONNULL = YES;
				CLANG_ANALYZER_NUMBER_OBJECT_CONVERSION = YES_AGGRESSIVE;
				CLANG_CXX_LANGUAGE_STANDARD = "gnu++14";
				CLANG_CXX_LIBRARY = "libc++";
				CLANG_ENABLE_MODULES = YES;
				CLANG_ENABLE_OBJC_ARC = YES;
				CLANG_ENABLE_OBJC_WEAK = YES;
				CLANG_WARN_BLOCK_CAPTURE_AUTORELEASING = YES;
				CLANG_WARN_BOOL_CONVERSION = YES;
				CLANG_WARN_COMMA = YES;
				CLANG_WARN_CONSTANT_CONVERSION = YES;
				CLANG_WARN_DEPRECATED_OBJC_IMPLEMENTATIONS = YES;
				CLANG_WARN_DIRECT_OBJC_ISA_USAGE = YES_ERROR;
				CLANG_WARN_DOCUMENTATION_COMMENTS = YES;
				CLANG_WARN_EMPTY_BODY = YES;
				CLANG_WARN_ENUM_CONVERSION = YES;
				CLANG_WARN_INFINITE_RECURSION = YES;
				CLANG_WARN_INT_CONVERSION = YES;
				CLANG_WARN_NON_LITERAL_NULL_CONVERSION = YES;
				CLANG_WARN_OBJC_IMPLICIT_RETAIN_SELF = YES;
				CLANG_WARN_OBJC_LITERAL_CONVERSION = YES;
				CLANG_WARN_OBJC_ROOT_CLASS = YES_ERROR;
				CLANG_WARN_RANGE_LOOP_ANALYSIS = YES;
				CLANG_WARN_STRICT_PROTOTYPES = YES;
				CLANG_WARN_SUSPICIOUS_MOVE = YES;
				CLANG_WARN_UNGUARDED_AVAILABILITY = YES_AGGRESSIVE;
				CLANG_WARN_UNREACHABLE_CODE = YES;
				CLANG_WARN__DUPLICATE_METHOD_MATCH = YES;
				CODE_SIGN_IDENTITY = "iPhone Developer";
				COPY_PHASE_STRIP = NO;
				DEBUG_INFORMATION_FORMAT = dwarf;
				ENABLE_STRICT_OBJC_MSGSEND = YES;
				ENABLE_TESTABILITY = YES;
				GCC_C_LANGUAGE_STANDARD = gnu11;
				GCC_DYNAMIC_NO_PIC = NO;
				GCC_NO_COMMON_BLOCKS = YES;
				GCC_OPTIMIZATION_LEVEL = 0;
				GCC_PREPROCESSOR_DEFINITIONS = (
					"DEBUG=1",
					"$(inherited)",
				);
				GCC_WARN_64_TO_32_BIT_CONVERSION = YES;
				GCC_WARN_ABOUT_RETURN_TYPE = YES_ERROR;
				GCC_WARN_UNDECLARED_SELECTOR = YES;
				GCC_WARN_UNINITIALIZED_AUTOS = YES_AGGRESSIVE;
				GCC_WARN_UNUSED_FUNCTION = YES;
				GCC_WARN_UNUSED_VARIABLE = YES;
				IPHONEOS_DEPLOYMENT_TARGET = 12.2;
				MTL_ENABLE_DEBUG_INFO = INCLUDE_SOURCE;
				MTL_FAST_MATH = YES;
				ONLY_ACTIVE_ARCH = YES;
				SDKROOT = iphoneos;
				SWIFT_ACTIVE_COMPILATION_CONDITIONS = DEBUG;
				SWIFT_OPTIMIZATION_LEVEL = "-Onone";
			};
			name = Debug;
		};
		78A86AC1229F5FA3003643CB /* Release */ = {
			isa = XCBuildConfiguration;
			buildSettings = {
				ALWAYS_SEARCH_USER_PATHS = NO;
				CLANG_ANALYZER_NONNULL = YES;
				CLANG_ANALYZER_NUMBER_OBJECT_CONVERSION = YES_AGGRESSIVE;
				CLANG_CXX_LANGUAGE_STANDARD = "gnu++14";
				CLANG_CXX_LIBRARY = "libc++";
				CLANG_ENABLE_MODULES = YES;
				CLANG_ENABLE_OBJC_ARC = YES;
				CLANG_ENABLE_OBJC_WEAK = YES;
				CLANG_WARN_BLOCK_CAPTURE_AUTORELEASING = YES;
				CLANG_WARN_BOOL_CONVERSION = YES;
				CLANG_WARN_COMMA = YES;
				CLANG_WARN_CONSTANT_CONVERSION = YES;
				CLANG_WARN_DEPRECATED_OBJC_IMPLEMENTATIONS = YES;
				CLANG_WARN_DIRECT_OBJC_ISA_USAGE = YES_ERROR;
				CLANG_WARN_DOCUMENTATION_COMMENTS = YES;
				CLANG_WARN_EMPTY_BODY = YES;
				CLANG_WARN_ENUM_CONVERSION = YES;
				CLANG_WARN_INFINITE_RECURSION = YES;
				CLANG_WARN_INT_CONVERSION = YES;
				CLANG_WARN_NON_LITERAL_NULL_CONVERSION = YES;
				CLANG_WARN_OBJC_IMPLICIT_RETAIN_SELF = YES;
				CLANG_WARN_OBJC_LITERAL_CONVERSION = YES;
				CLANG_WARN_OBJC_ROOT_CLASS = YES_ERROR;
				CLANG_WARN_RANGE_LOOP_ANALYSIS = YES;
				CLANG_WARN_STRICT_PROTOTYPES = YES;
				CLANG_WARN_SUSPICIOUS_MOVE = YES;
				CLANG_WARN_UNGUARDED_AVAILABILITY = YES_AGGRESSIVE;
				CLANG_WARN_UNREACHABLE_CODE = YES;
				CLANG_WARN__DUPLICATE_METHOD_MATCH = YES;
				CODE_SIGN_IDENTITY = "iPhone Developer";
				COPY_PHASE_STRIP = NO;
				DEBUG_INFORMATION_FORMAT = "dwarf-with-dsym";
				ENABLE_NS_ASSERTIONS = NO;
				ENABLE_STRICT_OBJC_MSGSEND = YES;
				GCC_C_LANGUAGE_STANDARD = gnu11;
				GCC_NO_COMMON_BLOCKS = YES;
				GCC_WARN_64_TO_32_BIT_CONVERSION = YES;
				GCC_WARN_ABOUT_RETURN_TYPE = YES_ERROR;
				GCC_WARN_UNDECLARED_SELECTOR = YES;
				GCC_WARN_UNINITIALIZED_AUTOS = YES_AGGRESSIVE;
				GCC_WARN_UNUSED_FUNCTION = YES;
				GCC_WARN_UNUSED_VARIABLE = YES;
				IPHONEOS_DEPLOYMENT_TARGET = 12.2;
				MTL_ENABLE_DEBUG_INFO = NO;
				MTL_FAST_MATH = YES;
				SDKROOT = iphoneos;
				SWIFT_COMPILATION_MODE = wholemodule;
				SWIFT_OPTIMIZATION_LEVEL = "-O";
				VALIDATE_PRODUCT = YES;
			};
			name = Release;
		};
		78A86AC3229F5FA3003643CB /* Debug */ = {
			isa = XCBuildConfiguration;
			buildSettings = {
				ASSETCATALOG_COMPILER_APPICON_NAME = AppIcon;
				CODE_SIGN_STYLE = Automatic;
				DEVELOPMENT_TEAM = "";
				INFOPLIST_FILE = "swift-APP框架搭建/Info.plist";
				LD_RUNPATH_SEARCH_PATHS = (
					"$(inherited)",
					"@executable_path/Frameworks",
				);
				PRODUCT_BUNDLE_IDENTIFIER = "com.zhunjiee.swift-APP----";
				PRODUCT_NAME = "$(TARGET_NAME)";
				SWIFT_VERSION = 5.0;
				TARGETED_DEVICE_FAMILY = "1,2";
			};
			name = Debug;
		};
		78A86AC4229F5FA3003643CB /* Release */ = {
			isa = XCBuildConfiguration;
			buildSettings = {
				ASSETCATALOG_COMPILER_APPICON_NAME = AppIcon;
				CODE_SIGN_STYLE = Automatic;
				DEVELOPMENT_TEAM = "";
				INFOPLIST_FILE = "swift-APP框架搭建/Info.plist";
				LD_RUNPATH_SEARCH_PATHS = (
					"$(inherited)",
					"@executable_path/Frameworks",
				);
				PRODUCT_BUNDLE_IDENTIFIER = "com.zhunjiee.swift-APP----";
				PRODUCT_NAME = "$(TARGET_NAME)";
				SWIFT_VERSION = 5.0;
				TARGETED_DEVICE_FAMILY = "1,2";
			};
			name = Release;
		};
/* End XCBuildConfiguration section */

/* Begin XCConfigurationList section */
		78A86AAB229F5FA2003643CB /* Build configuration list for PBXProject "swift-APP框架搭建" */ = {
			isa = XCConfigurationList;
			buildConfigurations = (
				78A86AC0229F5FA3003643CB /* Debug */,
				78A86AC1229F5FA3003643CB /* Release */,
			);
			defaultConfigurationIsVisible = 0;
			defaultConfigurationName = Release;
		};
		78A86AC2229F5FA3003643CB /* Build configuration list for PBXNativeTarget "swift-APP框架搭建" */ = {
			isa = XCConfigurationList;
			buildConfigurations = (
				78A86AC3229F5FA3003643CB /* Debug */,
				78A86AC4229F5FA3003643CB /* Release */,
			);
			defaultConfigurationIsVisible = 0;
			defaultConfigurationName = Release;
		};
/* End XCConfigurationList section */
	};
	rootObject = 78A86AA8229F5FA2003643CB /* Project object */;
}
