// !$*UTF8*$!
{
	archiveVersion = 1;
	classes = {
	};
	objectVersion = 50;
	objects = {

/* Begin PBXBuildFile section */
		789522F52297D74D00067FEA /* AppDelegate.m in Sources */ = {isa = PBXBuildFile; fileRef = 789522F42297D74D00067FEA /* AppDelegate.m */; };
		789522F82297D74D00067FEA /* ViewController.m in Sources */ = {isa = PBXBuildFile; fileRef = 789522F72297D74D00067FEA /* ViewController.m */; };
		789522FB2297D74D00067FEA /* Main.storyboard in Resources */ = {isa = PBXBuildFile; fileRef = 789522F92297D74D00067FEA /* Main.storyboard */; };
		789522FD2297D74F00067FEA /* Assets.xcassets in Resources */ = {isa = PBXBuildFile; fileRef = 789522FC2297D74F00067FEA /* Assets.xcassets */; };
		789523002297D74F00067FEA /* LaunchScreen.storyboard in Resources */ = {isa = PBXBuildFile; fileRef = 789522FE2297D74F00067FEA /* LaunchScreen.storyboard */; };
		789523032297D74F00067FEA /* main.m in Sources */ = {isa = PBXBuildFile; fileRef = 789523022297D74F00067FEA /* main.m */; };
		7895230E2297D8D700067FEA /* StarRateView.m in Sources */ = {isa = PBXBuildFile; fileRef = 7895230D2297D8D700067FEA /* StarRateView.m */; };
/* End PBXBuildFile section */

/* Begin PBXFileReference section */
		789522F02297D74D00067FEA /* 星星评价控件.app */ = {isa = PBXFileReference; explicitFileType = wrapper.application; includeInIndex = 0; path = "星星评价控件.app"; sourceTree = BUILT_PRODUCTS_DIR; };
		789522F32297D74D00067FEA /* AppDelegate.h */ = {isa = PBXFileReference; lastKnownFileType = sourcecode.c.h; path = AppDelegate.h; sourceTree = "<group>"; };
		789522F42297D74D00067FEA /* AppDelegate.m */ = {isa = PBXFileReference; lastKnownFileType = sourcecode.c.objc; path = AppDelegate.m; sourceTree = "<group>"; };
		789522F62297D74D00067FEA /* ViewController.h */ = {isa = PBXFileReference; lastKnownFileType = sourcecode.c.h; path = ViewController.h; sourceTree = "<group>"; };
		789522F72297D74D00067FEA /* ViewController.m */ = {isa = PBXFileReference; lastKnownFileType = sourcecode.c.objc; path = ViewController.m; sourceTree = "<group>"; };
		789522FA2297D74D00067FEA /* Base */ = {isa = PBXFileReference; lastKnownFileType = file.storyboard; name = Base; path = Base.lproj/Main.storyboard; sourceTree = "<group>"; };
		789522FC2297D74F00067FEA /* Assets.xcassets */ = {isa = PBXFileReference; lastKnownFileType = folder.assetcatalog; path = Assets.xcassets; sourceTree = "<group>"; };
		789522FF2297D74F00067FEA /* Base */ = {isa = PBXFileReference; lastKnownFileType = file.storyboard; name = Base; path = Base.lproj/LaunchScreen.storyboard; sourceTree = "<group>"; };
		789523012297D74F00067FEA /* Info.plist */ = {isa = PBXFileReference; lastKnownFileType = text.plist.xml; path = Info.plist; sourceTree = "<group>"; };
		789523022297D74F00067FEA /* main.m */ = {isa = PBXFileReference; lastKnownFileType = sourcecode.c.objc; path = main.m; sourceTree = "<group>"; };
		7895230C2297D8D700067FEA /* StarRateView.h */ = {isa = PBXFileReference; lastKnownFileType = sourcecode.c.h; path = StarRateView.h; sourceTree = "<group>"; };
		7895230D2297D8D700067FEA /* StarRateView.m */ = {isa = PBXFileReference; lastKnownFileType = sourcecode.c.objc; path = StarRateView.m; sourceTree = "<group>"; };
/* End PBXFileReference section */

/* Begin PBXFrameworksBuildPhase section */
		789522ED2297D74D00067FEA /* Frameworks */ = {
			isa = PBXFrameworksBuildPhase;
			buildActionMask = 2147483647;
			files = (
			);
			runOnlyForDeploymentPostprocessing = 0;
		};
/* End PBXFrameworksBuildPhase section */

/* Begin PBXGroup section */
		789522E72297D74D00067FEA = {
			isa = PBXGroup;
			children = (
				789522F22297D74D00067FEA /* 星星评价控件 */,
				789522F12297D74D00067FEA /* Products */,
			);
			sourceTree = "<group>";
		};
		789522F12297D74D00067FEA /* Products */ = {
			isa = PBXGroup;
			children = (
				789522F02297D74D00067FEA /* 星星评价控件.app */,
			);
			name = Products;
			sourceTree = "<group>";
		};
		789522F22297D74D00067FEA /* 星星评价控件 */ = {
			isa = PBXGroup;
			children = (
				789522F32297D74D00067FEA /* AppDelegate.h */,
				789522F42297D74D00067FEA /* AppDelegate.m */,
				789522F62297D74D00067FEA /* ViewController.h */,
				789522F72297D74D00067FEA /* ViewController.m */,
				789522F92297D74D00067FEA /* Main.storyboard */,
				789522FC2297D74F00067FEA /* Assets.xcassets */,
				789522FE2297D74F00067FEA /* LaunchScreen.storyboard */,
				789523012297D74F00067FEA /* Info.plist */,
				789523022297D74F00067FEA /* main.m */,
				7895230C2297D8D700067FEA /* StarRateView.h */,
				7895230D2297D8D700067FEA /* StarRateView.m */,
			);
			path = "星星评价控件";
			sourceTree = "<group>";
		};
/* End PBXGroup section */

/* Begin PBXNativeTarget section */
		789522EF2297D74D00067FEA /* 星星评价控件 */ = {
			isa = PBXNativeTarget;
			buildConfigurationList = 789523062297D74F00067FEA /* Build configuration list for PBXNativeTarget "星星评价控件" */;
			buildPhases = (
				789522EC2297D74D00067FEA /* Sources */,
				789522ED2297D74D00067FEA /* Frameworks */,
				789522EE2297D74D00067FEA /* Resources */,
			);
			buildRules = (
			);
			dependencies = (
			);
			name = "星星评价控件";
			productName = "星星评价控件";
			productReference = 789522F02297D74D00067FEA /* 星星评价控件.app */;
			productType = "com.apple.product-type.application";
		};
/* End PBXNativeTarget section */

/* Begin PBXProject section */
		789522E82297D74D00067FEA /* Project object */ = {
			isa = PBXProject;
			attributes = {
				LastUpgradeCheck = 1020;
				ORGANIZATIONNAME = ZHUNJIEE;
				TargetAttributes = {
					789522EF2297D74D00067FEA = {
						CreatedOnToolsVersion = 10.2.1;
					};
				};
			};
			buildConfigurationList = 789522EB2297D74D00067FEA /* Build configuration list for PBXProject "星星评价控件" */;
			compatibilityVersion = "Xcode 9.3";
			developmentRegion = en;
			hasScannedForEncodings = 0;
			knownRegions = (
				en,
				Base,
			);
			mainGroup = 789522E72297D74D00067FEA;
			productRefGroup = 789522F12297D74D00067FEA /* Products */;
			projectDirPath = "";
			projectRoot = "";
			targets = (
				789522EF2297D74D00067FEA /* 星星评价控件 */,
			);
		};
/* End PBXProject section */

/* Begin PBXResourcesBuildPhase section */
		789522EE2297D74D00067FEA /* Resources */ = {
			isa = PBXResourcesBuildPhase;
			buildActionMask = 2147483647;
			files = (
				789523002297D74F00067FEA /* LaunchScreen.storyboard in Resources */,
				789522FD2297D74F00067FEA /* Assets.xcassets in Resources */,
				789522FB2297D74D00067FEA /* Main.storyboard in Resources */,
			);
			runOnlyForDeploymentPostprocessing = 0;
		};
/* End PBXResourcesBuildPhase section */

/* Begin PBXSourcesBuildPhase section */
		789522EC2297D74D00067FEA /* Sources */ = {
			isa = PBXSourcesBuildPhase;
			buildActionMask = 2147483647;
			files = (
				789522F82297D74D00067FEA /* ViewController.m in Sources */,
				789523032297D74F00067FEA /* main.m in Sources */,
				7895230E2297D8D700067FEA /* StarRateView.m in Sources */,
				789522F52297D74D00067FEA /* AppDelegate.m in Sources */,
			);
			runOnlyForDeploymentPostprocessing = 0;
		};
/* End PBXSourcesBuildPhase section */

/* Begin PBXVariantGroup section */
		789522F92297D74D00067FEA /* Main.storyboard */ = {
			isa = PBXVariantGroup;
			children = (
				789522FA2297D74D00067FEA /* Base */,
			);
			name = Main.storyboard;
			sourceTree = "<group>";
		};
		789522FE2297D74F00067FEA /* LaunchScreen.storyboard */ = {
			isa = PBXVariantGroup;
			children = (
				789522FF2297D74F00067FEA /* Base */,
			);
			name = LaunchScreen.storyboard;
			sourceTree = "<group>";
		};
/* End PBXVariantGroup section */

/* Begin XCBuildConfiguration section */
		789523042297D74F00067FEA /* Debug */ = {
			isa = XCBuildConfiguration;
			buildSettings = {
				ALWAYS_SEARCH_USER_PATHS = NO;
				CLANG_ANALYZER_NONNULL = YES;
				CLANG_ANALYZER_NUMBER_OBJECT_CONVERSION = YES_AGGRESSIVE;
				CLANG_CXX_LANGUAGE_STANDARD = "gnu++14";
				CLANG_CXX_LIBRARY = "libc++";
				CLANG_ENABLE_MODULES = YES;
				CLANG_ENABLE_OBJC_ARC = YES;
				CLANG_ENABLE_OBJC_WEAK = YES;
				CLANG_WARN_BLOCK_CAPTURE_AUTORELEASING = YES;
				CLANG_WARN_BOOL_CONVERSION = YES;
				CLANG_WARN_COMMA = YES;
				CLANG_WARN_CONSTANT_CONVERSION = YES;
				CLANG_WARN_DEPRECATED_OBJC_IMPLEMENTATIONS = YES;
				CLANG_WARN_DIRECT_OBJC_ISA_USAGE = YES_ERROR;
				CLANG_WARN_DOCUMENTATION_COMMENTS = YES;
				CLANG_WARN_EMPTY_BODY = YES;
				CLANG_WARN_ENUM_CONVERSION = YES;
				CLANG_WARN_INFINITE_RECURSION = YES;
				CLANG_WARN_INT_CONVERSION = YES;
				CLANG_WARN_NON_LITERAL_NULL_CONVERSION = YES;
				CLANG_WARN_OBJC_IMPLICIT_RETAIN_SELF = YES;
				CLANG_WARN_OBJC_LITERAL_CONVERSION = YES;
				CLANG_WARN_OBJC_ROOT_CLASS = YES_ERROR;
				CLANG_WARN_RANGE_LOOP_ANALYSIS = YES;
				CLANG_WARN_STRICT_PROTOTYPES = YES;
				CLANG_WARN_SUSPICIOUS_MOVE = YES;
				CLANG_WARN_UNGUARDED_AVAILABILITY = YES_AGGRESSIVE;
				CLANG_WARN_UNREACHABLE_CODE = YES;
				CLANG_WARN__DUPLICATE_METHOD_MATCH = YES;
				CODE_SIGN_IDENTITY = "iPhone Developer";
				COPY_PHASE_STRIP = NO;
				DEBUG_INFORMATION_FORMAT = dwarf;
				ENABLE_STRICT_OBJC_MSGSEND = YES;
				ENABLE_TESTABILITY = YES;
				GCC_C_LANGUAGE_STANDARD = gnu11;
				GCC_DYNAMIC_NO_PIC = NO;
				GCC_NO_COMMON_BLOCKS = YES;
				GCC_OPTIMIZATION_LEVEL = 0;
				GCC_PREPROCESSOR_DEFINITIONS = (
					"DEBUG=1",
					"$(inherited)",
				);
				GCC_WARN_64_TO_32_BIT_CONVERSION = YES;
				GCC_WARN_ABOUT_RETURN_TYPE = YES_ERROR;
				GCC_WARN_UNDECLARED_SELECTOR = YES;
				GCC_WARN_UNINITIALIZED_AUTOS = YES_AGGRESSIVE;
				GCC_WARN_UNUSED_FUNCTION = YES;
				GCC_WARN_UNUSED_VARIABLE = YES;
				IPHONEOS_DEPLOYMENT_TARGET = 12.2;
				MTL_ENABLE_DEBUG_INFO = INCLUDE_SOURCE;
				MTL_FAST_MATH = YES;
				ONLY_ACTIVE_ARCH = YES;
				SDKROOT = iphoneos;
			};
			name = Debug;
		};
		789523052297D74F00067FEA /* Release */ = {
			isa = XCBuildConfiguration;
			buildSettings = {
				ALWAYS_SEARCH_USER_PATHS = NO;
				CLANG_ANALYZER_NONNULL = YES;
				CLANG_ANALYZER_NUMBER_OBJECT_CONVERSION = YES_AGGRESSIVE;
				CLANG_CXX_LANGUAGE_STANDARD = "gnu++14";
				CLANG_CXX_LIBRARY = "libc++";
				CLANG_ENABLE_MODULES = YES;
				CLANG_ENABLE_OBJC_ARC = YES;
				CLANG_ENABLE_OBJC_WEAK = YES;
				CLANG_WARN_BLOCK_CAPTURE_AUTORELEASING = YES;
				CLANG_WARN_BOOL_CONVERSION = YES;
				CLANG_WARN_COMMA = YES;
				CLANG_WARN_CONSTANT_CONVERSION = YES;
				CLANG_WARN_DEPRECATED_OBJC_IMPLEMENTATIONS = YES;
				CLANG_WARN_DIRECT_OBJC_ISA_USAGE = YES_ERROR;
				CLANG_WARN_DOCUMENTATION_COMMENTS = YES;
				CLANG_WARN_EMPTY_BODY = YES;
				CLANG_WARN_ENUM_CONVERSION = YES;
				CLANG_WARN_INFINITE_RECURSION = YES;
				CLANG_WARN_INT_CONVERSION = YES;
				CLANG_WARN_NON_LITERAL_NULL_CONVERSION = YES;
				CLANG_WARN_OBJC_IMPLICIT_RETAIN_SELF = YES;
				CLANG_WARN_OBJC_LITERAL_CONVERSION = YES;
				CLANG_WARN_OBJC_ROOT_CLASS = YES_ERROR;
				CLANG_WARN_RANGE_LOOP_ANALYSIS = YES;
				CLANG_WARN_STRICT_PROTOTYPES = YES;
				CLANG_WARN_SUSPICIOUS_MOVE = YES;
				CLANG_WARN_UNGUARDED_AVAILABILITY = YES_AGGRESSIVE;
				CLANG_WARN_UNREACHABLE_CODE = YES;
				CLANG_WARN__DUPLICATE_METHOD_MATCH = YES;
				CODE_SIGN_IDENTITY = "iPhone Developer";
				COPY_PHASE_STRIP = NO;
				DEBUG_INFORMATION_FORMAT = "dwarf-with-dsym";
				ENABLE_NS_ASSERTIONS = NO;
				ENABLE_STRICT_OBJC_MSGSEND = YES;
				GCC_C_LANGUAGE_STANDARD = gnu11;
				GCC_NO_COMMON_BLOCKS = YES;
				GCC_WARN_64_TO_32_BIT_CONVERSION = YES;
				GCC_WARN_ABOUT_RETURN_TYPE = YES_ERROR;
				GCC_WARN_UNDECLARED_SELECTOR = YES;
				GCC_WARN_UNINITIALIZED_AUTOS = YES_AGGRESSIVE;
				GCC_WARN_UNUSED_FUNCTION = YES;
				GCC_WARN_UNUSED_VARIABLE = YES;
				IPHONEOS_DEPLOYMENT_TARGET = 12.2;
				MTL_ENABLE_DEBUG_INFO = NO;
				MTL_FAST_MATH = YES;
				SDKROOT = iphoneos;
				VALIDATE_PRODUCT = YES;
			};
			name = Release;
		};
		789523072297D74F00067FEA /* Debug */ = {
			isa = XCBuildConfiguration;
			buildSettings = {
				ASSETCATALOG_COMPILER_APPICON_NAME = AppIcon;
				CODE_SIGN_STYLE = Automatic;
				INFOPLIST_FILE = "星星评价控件/Info.plist";
				LD_RUNPATH_SEARCH_PATHS = (
					"$(inherited)",
					"@executable_path/Frameworks",
				);
				PRODUCT_BUNDLE_IDENTIFIER = "com.zhunjiee.------";
				PRODUCT_NAME = "$(TARGET_NAME)";
				TARGETED_DEVICE_FAMILY = "1,2";
			};
			name = Debug;
		};
		789523082297D74F00067FEA /* Release */ = {
			isa = XCBuildConfiguration;
			buildSettings = {
				ASSETCATALOG_COMPILER_APPICON_NAME = AppIcon;
				CODE_SIGN_STYLE = Automatic;
				INFOPLIST_FILE = "星星评价控件/Info.plist";
				LD_RUNPATH_SEARCH_PATHS = (
					"$(inherited)",
					"@executable_path/Frameworks",
				);
				PRODUCT_BUNDLE_IDENTIFIER = "com.zhunjiee.------";
				PRODUCT_NAME = "$(TARGET_NAME)";
				TARGETED_DEVICE_FAMILY = "1,2";
			};
			name = Release;
		};
/* End XCBuildConfiguration section */

/* Begin XCConfigurationList section */
		789522EB2297D74D00067FEA /* Build configuration list for PBXProject "星星评价控件" */ = {
			isa = XCConfigurationList;
			buildConfigurations = (
				789523042297D74F00067FEA /* Debug */,
				789523052297D74F00067FEA /* Release */,
			);
			defaultConfigurationIsVisible = 0;
			defaultConfigurationName = Release;
		};
		789523062297D74F00067FEA /* Build configuration list for PBXNativeTarget "星星评价控件" */ = {
			isa = XCConfigurationList;
			buildConfigurations = (
				789523072297D74F00067FEA /* Debug */,
				789523082297D74F00067FEA /* Release */,
			);
			defaultConfigurationIsVisible = 0;
			defaultConfigurationName = Release;
		};
/* End XCConfigurationList section */
	};
	rootObject = 789522E82297D74D00067FEA /* Project object */;
}
