// !$*UTF8*$!
{
	archiveVersion = 1;
	classes = {
	};
	objectVersion = 46;
	objects = {

/* Begin PBXBuildFile section */
		8EFF50971BF74B1D006DBBAE /* main.m in Sources */ = {isa = PBXBuildFile; fileRef = 8EFF50961BF74B1D006DBBAE /* main.m */; };
		8EFF509A1BF74B1D006DBBAE /* AppDelegate.m in Sources */ = {isa = PBXBuildFile; fileRef = 8EFF50991BF74B1D006DBBAE /* AppDelegate.m */; };
		8EFF509D1BF74B1D006DBBAE /* ViewController.m in Sources */ = {isa = PBXBuildFile; fileRef = 8EFF509C1BF74B1D006DBBAE /* ViewController.m */; };
		8EFF50A01BF74B1D006DBBAE /* Main.storyboard in Resources */ = {isa = PBXBuildFile; fileRef = 8EFF509E1BF74B1D006DBBAE /* Main.storyboard */; };
		8EFF50A21BF74B1D006DBBAE /* Assets.xcassets in Resources */ = {isa = PBXBuildFile; fileRef = 8EFF50A11BF74B1D006DBBAE /* Assets.xcassets */; };
		8EFF50A51BF74B1D006DBBAE /* LaunchScreen.storyboard in Resources */ = {isa = PBXBuildFile; fileRef = 8EFF50A31BF74B1D006DBBAE /* LaunchScreen.storyboard */; };
		8EFF50B01BF74B1D006DBBAE /* ______Tests.m in Sources */ = {isa = PBXBuildFile; fileRef = 8EFF50AF1BF74B1D006DBBAE /* ______Tests.m */; };
		8EFF50BB1BF74B1D006DBBAE /* ______UITests.m in Sources */ = {isa = PBXBuildFile; fileRef = 8EFF50BA1BF74B1D006DBBAE /* ______UITests.m */; };
		8EFF50CD1BF74BBA006DBBAE /* NSDate+ZJExtension.m in Sources */ = {isa = PBXBuildFile; fileRef = 8EFF50CC1BF74BBA006DBBAE /* NSDate+ZJExtension.m */; };
		8EFF50D01BF74BFD006DBBAE /* ZJDateFormat.m in Sources */ = {isa = PBXBuildFile; fileRef = 8EFF50CF1BF74BFD006DBBAE /* ZJDateFormat.m */; };
/* End PBXBuildFile section */

/* Begin PBXContainerItemProxy section */
		8EFF50AC1BF74B1D006DBBAE /* PBXContainerItemProxy */ = {
			isa = PBXContainerItemProxy;
			containerPortal = 8EFF508A1BF74B1D006DBBAE /* Project object */;
			proxyType = 1;
			remoteGlobalIDString = 8EFF50911BF74B1D006DBBAE;
			remoteInfo = "日期格式设置";
		};
		8EFF50B71BF74B1D006DBBAE /* PBXContainerItemProxy */ = {
			isa = PBXContainerItemProxy;
			containerPortal = 8EFF508A1BF74B1D006DBBAE /* Project object */;
			proxyType = 1;
			remoteGlobalIDString = 8EFF50911BF74B1D006DBBAE;
			remoteInfo = "日期格式设置";
		};
/* End PBXContainerItemProxy section */

/* Begin PBXFileReference section */
		8EFF50921BF74B1D006DBBAE /* 日期格式设置.app */ = {isa = PBXFileReference; explicitFileType = wrapper.application; includeInIndex = 0; path = "日期格式设置.app"; sourceTree = BUILT_PRODUCTS_DIR; };
		8EFF50961BF74B1D006DBBAE /* main.m */ = {isa = PBXFileReference; lastKnownFileType = sourcecode.c.objc; path = main.m; sourceTree = "<group>"; };
		8EFF50981BF74B1D006DBBAE /* AppDelegate.h */ = {isa = PBXFileReference; lastKnownFileType = sourcecode.c.h; path = AppDelegate.h; sourceTree = "<group>"; };
		8EFF50991BF74B1D006DBBAE /* AppDelegate.m */ = {isa = PBXFileReference; lastKnownFileType = sourcecode.c.objc; path = AppDelegate.m; sourceTree = "<group>"; };
		8EFF509B1BF74B1D006DBBAE /* ViewController.h */ = {isa = PBXFileReference; lastKnownFileType = sourcecode.c.h; path = ViewController.h; sourceTree = "<group>"; };
		8EFF509C1BF74B1D006DBBAE /* ViewController.m */ = {isa = PBXFileReference; lastKnownFileType = sourcecode.c.objc; path = ViewController.m; sourceTree = "<group>"; };
		8EFF509F1BF74B1D006DBBAE /* Base */ = {isa = PBXFileReference; lastKnownFileType = file.storyboard; name = Base; path = Base.lproj/Main.storyboard; sourceTree = "<group>"; };
		8EFF50A11BF74B1D006DBBAE /* Assets.xcassets */ = {isa = PBXFileReference; lastKnownFileType = folder.assetcatalog; path = Assets.xcassets; sourceTree = "<group>"; };
		8EFF50A41BF74B1D006DBBAE /* Base */ = {isa = PBXFileReference; lastKnownFileType = file.storyboard; name = Base; path = Base.lproj/LaunchScreen.storyboard; sourceTree = "<group>"; };
		8EFF50A61BF74B1D006DBBAE /* Info.plist */ = {isa = PBXFileReference; lastKnownFileType = text.plist.xml; path = Info.plist; sourceTree = "<group>"; };
		8EFF50AB1BF74B1D006DBBAE /* 日期格式设置Tests.xctest */ = {isa = PBXFileReference; explicitFileType = wrapper.cfbundle; includeInIndex = 0; path = "日期格式设置Tests.xctest"; sourceTree = BUILT_PRODUCTS_DIR; };
		8EFF50AF1BF74B1D006DBBAE /* ______Tests.m */ = {isa = PBXFileReference; lastKnownFileType = sourcecode.c.objc; path = "______Tests.m"; sourceTree = "<group>"; };
		8EFF50B11BF74B1D006DBBAE /* Info.plist */ = {isa = PBXFileReference; lastKnownFileType = text.plist.xml; path = Info.plist; sourceTree = "<group>"; };
		8EFF50B61BF74B1D006DBBAE /* 日期格式设置UITests.xctest */ = {isa = PBXFileReference; explicitFileType = wrapper.cfbundle; includeInIndex = 0; path = "日期格式设置UITests.xctest"; sourceTree = BUILT_PRODUCTS_DIR; };
		8EFF50BA1BF74B1D006DBBAE /* ______UITests.m */ = {isa = PBXFileReference; lastKnownFileType = sourcecode.c.objc; path = "______UITests.m"; sourceTree = "<group>"; };
		8EFF50BC1BF74B1D006DBBAE /* Info.plist */ = {isa = PBXFileReference; lastKnownFileType = text.plist.xml; path = Info.plist; sourceTree = "<group>"; };
		8EFF50CB1BF74BBA006DBBAE /* NSDate+ZJExtension.h */ = {isa = PBXFileReference; fileEncoding = 4; lastKnownFileType = sourcecode.c.h; path = "NSDate+ZJExtension.h"; sourceTree = "<group>"; };
		8EFF50CC1BF74BBA006DBBAE /* NSDate+ZJExtension.m */ = {isa = PBXFileReference; fileEncoding = 4; lastKnownFileType = sourcecode.c.objc; path = "NSDate+ZJExtension.m"; sourceTree = "<group>"; };
		8EFF50CE1BF74BFD006DBBAE /* ZJDateFormat.h */ = {isa = PBXFileReference; fileEncoding = 4; lastKnownFileType = sourcecode.c.h; path = ZJDateFormat.h; sourceTree = "<group>"; };
		8EFF50CF1BF74BFD006DBBAE /* ZJDateFormat.m */ = {isa = PBXFileReference; fileEncoding = 4; lastKnownFileType = sourcecode.c.objc; path = ZJDateFormat.m; sourceTree = "<group>"; };
/* End PBXFileReference section */

/* Begin PBXFrameworksBuildPhase section */
		8EFF508F1BF74B1D006DBBAE /* Frameworks */ = {
			isa = PBXFrameworksBuildPhase;
			buildActionMask = 2147483647;
			files = (
			);
			runOnlyForDeploymentPostprocessing = 0;
		};
		8EFF50A81BF74B1D006DBBAE /* Frameworks */ = {
			isa = PBXFrameworksBuildPhase;
			buildActionMask = 2147483647;
			files = (
			);
			runOnlyForDeploymentPostprocessing = 0;
		};
		8EFF50B31BF74B1D006DBBAE /* Frameworks */ = {
			isa = PBXFrameworksBuildPhase;
			buildActionMask = 2147483647;
			files = (
			);
			runOnlyForDeploymentPostprocessing = 0;
		};
/* End PBXFrameworksBuildPhase section */

/* Begin PBXGroup section */
		8EFF50891BF74B1D006DBBAE = {
			isa = PBXGroup;
			children = (
				8EFF50941BF74B1D006DBBAE /* 日期格式设置 */,
				8EFF50AE1BF74B1D006DBBAE /* 日期格式设置Tests */,
				8EFF50B91BF74B1D006DBBAE /* 日期格式设置UITests */,
				8EFF50931BF74B1D006DBBAE /* Products */,
			);
			sourceTree = "<group>";
		};
		8EFF50931BF74B1D006DBBAE /* Products */ = {
			isa = PBXGroup;
			children = (
				8EFF50921BF74B1D006DBBAE /* 日期格式设置.app */,
				8EFF50AB1BF74B1D006DBBAE /* 日期格式设置Tests.xctest */,
				8EFF50B61BF74B1D006DBBAE /* 日期格式设置UITests.xctest */,
			);
			name = Products;
			sourceTree = "<group>";
		};
		8EFF50941BF74B1D006DBBAE /* 日期格式设置 */ = {
			isa = PBXGroup;
			children = (
				8EFF50981BF74B1D006DBBAE /* AppDelegate.h */,
				8EFF50991BF74B1D006DBBAE /* AppDelegate.m */,
				8EFF509B1BF74B1D006DBBAE /* ViewController.h */,
				8EFF509C1BF74B1D006DBBAE /* ViewController.m */,
				8EFF509E1BF74B1D006DBBAE /* Main.storyboard */,
				8EFF50A11BF74B1D006DBBAE /* Assets.xcassets */,
				8EFF50A31BF74B1D006DBBAE /* LaunchScreen.storyboard */,
				8EFF50A61BF74B1D006DBBAE /* Info.plist */,
				8EFF50951BF74B1D006DBBAE /* Supporting Files */,
				8EFF50CB1BF74BBA006DBBAE /* NSDate+ZJExtension.h */,
				8EFF50CC1BF74BBA006DBBAE /* NSDate+ZJExtension.m */,
				8EFF50CE1BF74BFD006DBBAE /* ZJDateFormat.h */,
				8EFF50CF1BF74BFD006DBBAE /* ZJDateFormat.m */,
			);
			path = "日期格式设置";
			sourceTree = "<group>";
		};
		8EFF50951BF74B1D006DBBAE /* Supporting Files */ = {
			isa = PBXGroup;
			children = (
				8EFF50961BF74B1D006DBBAE /* main.m */,
			);
			name = "Supporting Files";
			sourceTree = "<group>";
		};
		8EFF50AE1BF74B1D006DBBAE /* 日期格式设置Tests */ = {
			isa = PBXGroup;
			children = (
				8EFF50AF1BF74B1D006DBBAE /* ______Tests.m */,
				8EFF50B11BF74B1D006DBBAE /* Info.plist */,
			);
			path = "日期格式设置Tests";
			sourceTree = "<group>";
		};
		8EFF50B91BF74B1D006DBBAE /* 日期格式设置UITests */ = {
			isa = PBXGroup;
			children = (
				8EFF50BA1BF74B1D006DBBAE /* ______UITests.m */,
				8EFF50BC1BF74B1D006DBBAE /* Info.plist */,
			);
			path = "日期格式设置UITests";
			sourceTree = "<group>";
		};
/* End PBXGroup section */

/* Begin PBXNativeTarget section */
		8EFF50911BF74B1D006DBBAE /* 日期格式设置 */ = {
			isa = PBXNativeTarget;
			buildConfigurationList = 8EFF50BF1BF74B1D006DBBAE /* Build configuration list for PBXNativeTarget "日期格式设置" */;
			buildPhases = (
				8EFF508E1BF74B1D006DBBAE /* Sources */,
				8EFF508F1BF74B1D006DBBAE /* Frameworks */,
				8EFF50901BF74B1D006DBBAE /* Resources */,
			);
			buildRules = (
			);
			dependencies = (
			);
			name = "日期格式设置";
			productName = "日期格式设置";
			productReference = 8EFF50921BF74B1D006DBBAE /* 日期格式设置.app */;
			productType = "com.apple.product-type.application";
		};
		8EFF50AA1BF74B1D006DBBAE /* 日期格式设置Tests */ = {
			isa = PBXNativeTarget;
			buildConfigurationList = 8EFF50C21BF74B1D006DBBAE /* Build configuration list for PBXNativeTarget "日期格式设置Tests" */;
			buildPhases = (
				8EFF50A71BF74B1D006DBBAE /* Sources */,
				8EFF50A81BF74B1D006DBBAE /* Frameworks */,
				8EFF50A91BF74B1D006DBBAE /* Resources */,
			);
			buildRules = (
			);
			dependencies = (
				8EFF50AD1BF74B1D006DBBAE /* PBXTargetDependency */,
			);
			name = "日期格式设置Tests";
			productName = "日期格式设置Tests";
			productReference = 8EFF50AB1BF74B1D006DBBAE /* 日期格式设置Tests.xctest */;
			productType = "com.apple.product-type.bundle.unit-test";
		};
		8EFF50B51BF74B1D006DBBAE /* 日期格式设置UITests */ = {
			isa = PBXNativeTarget;
			buildConfigurationList = 8EFF50C51BF74B1D006DBBAE /* Build configuration list for PBXNativeTarget "日期格式设置UITests" */;
			buildPhases = (
				8EFF50B21BF74B1D006DBBAE /* Sources */,
				8EFF50B31BF74B1D006DBBAE /* Frameworks */,
				8EFF50B41BF74B1D006DBBAE /* Resources */,
			);
			buildRules = (
			);
			dependencies = (
				8EFF50B81BF74B1D006DBBAE /* PBXTargetDependency */,
			);
			name = "日期格式设置UITests";
			productName = "日期格式设置UITests";
			productReference = 8EFF50B61BF74B1D006DBBAE /* 日期格式设置UITests.xctest */;
			productType = "com.apple.product-type.bundle.ui-testing";
		};
/* End PBXNativeTarget section */

/* Begin PBXProject section */
		8EFF508A1BF74B1D006DBBAE /* Project object */ = {
			isa = PBXProject;
			attributes = {
				LastUpgradeCheck = 0710;
				ORGANIZATIONNAME = ZHUNJIEE;
				TargetAttributes = {
					8EFF50911BF74B1D006DBBAE = {
						CreatedOnToolsVersion = 7.1.1;
					};
					8EFF50AA1BF74B1D006DBBAE = {
						CreatedOnToolsVersion = 7.1.1;
						TestTargetID = 8EFF50911BF74B1D006DBBAE;
					};
					8EFF50B51BF74B1D006DBBAE = {
						CreatedOnToolsVersion = 7.1.1;
						TestTargetID = 8EFF50911BF74B1D006DBBAE;
					};
				};
			};
			buildConfigurationList = 8EFF508D1BF74B1D006DBBAE /* Build configuration list for PBXProject "日期格式设置" */;
			compatibilityVersion = "Xcode 3.2";
			developmentRegion = English;
			hasScannedForEncodings = 0;
			knownRegions = (
				en,
				Base,
			);
			mainGroup = 8EFF50891BF74B1D006DBBAE;
			productRefGroup = 8EFF50931BF74B1D006DBBAE /* Products */;
			projectDirPath = "";
			projectRoot = "";
			targets = (
				8EFF50911BF74B1D006DBBAE /* 日期格式设置 */,
				8EFF50AA1BF74B1D006DBBAE /* 日期格式设置Tests */,
				8EFF50B51BF74B1D006DBBAE /* 日期格式设置UITests */,
			);
		};
/* End PBXProject section */

/* Begin PBXResourcesBuildPhase section */
		8EFF50901BF74B1D006DBBAE /* Resources */ = {
			isa = PBXResourcesBuildPhase;
			buildActionMask = 2147483647;
			files = (
				8EFF50A51BF74B1D006DBBAE /* LaunchScreen.storyboard in Resources */,
				8EFF50A21BF74B1D006DBBAE /* Assets.xcassets in Resources */,
				8EFF50A01BF74B1D006DBBAE /* Main.storyboard in Resources */,
			);
			runOnlyForDeploymentPostprocessing = 0;
		};
		8EFF50A91BF74B1D006DBBAE /* Resources */ = {
			isa = PBXResourcesBuildPhase;
			buildActionMask = 2147483647;
			files = (
			);
			runOnlyForDeploymentPostprocessing = 0;
		};
		8EFF50B41BF74B1D006DBBAE /* Resources */ = {
			isa = PBXResourcesBuildPhase;
			buildActionMask = 2147483647;
			files = (
			);
			runOnlyForDeploymentPostprocessing = 0;
		};
/* End PBXResourcesBuildPhase section */

/* Begin PBXSourcesBuildPhase section */
		8EFF508E1BF74B1D006DBBAE /* Sources */ = {
			isa = PBXSourcesBuildPhase;
			buildActionMask = 2147483647;
			files = (
				8EFF509D1BF74B1D006DBBAE /* ViewController.m in Sources */,
				8EFF50D01BF74BFD006DBBAE /* ZJDateFormat.m in Sources */,
				8EFF509A1BF74B1D006DBBAE /* AppDelegate.m in Sources */,
				8EFF50CD1BF74BBA006DBBAE /* NSDate+ZJExtension.m in Sources */,
				8EFF50971BF74B1D006DBBAE /* main.m in Sources */,
			);
			runOnlyForDeploymentPostprocessing = 0;
		};
		8EFF50A71BF74B1D006DBBAE /* Sources */ = {
			isa = PBXSourcesBuildPhase;
			buildActionMask = 2147483647;
			files = (
				8EFF50B01BF74B1D006DBBAE /* ______Tests.m in Sources */,
			);
			runOnlyForDeploymentPostprocessing = 0;
		};
		8EFF50B21BF74B1D006DBBAE /* Sources */ = {
			isa = PBXSourcesBuildPhase;
			buildActionMask = 2147483647;
			files = (
				8EFF50BB1BF74B1D006DBBAE /* ______UITests.m in Sources */,
			);
			runOnlyForDeploymentPostprocessing = 0;
		};
/* End PBXSourcesBuildPhase section */

/* Begin PBXTargetDependency section */
		8EFF50AD1BF74B1D006DBBAE /* PBXTargetDependency */ = {
			isa = PBXTargetDependency;
			target = 8EFF50911BF74B1D006DBBAE /* 日期格式设置 */;
			targetProxy = 8EFF50AC1BF74B1D006DBBAE /* PBXContainerItemProxy */;
		};
		8EFF50B81BF74B1D006DBBAE /* PBXTargetDependency */ = {
			isa = PBXTargetDependency;
			target = 8EFF50911BF74B1D006DBBAE /* 日期格式设置 */;
			targetProxy = 8EFF50B71BF74B1D006DBBAE /* PBXContainerItemProxy */;
		};
/* End PBXTargetDependency section */

/* Begin PBXVariantGroup section */
		8EFF509E1BF74B1D006DBBAE /* Main.storyboard */ = {
			isa = PBXVariantGroup;
			children = (
				8EFF509F1BF74B1D006DBBAE /* Base */,
			);
			name = Main.storyboard;
			sourceTree = "<group>";
		};
		8EFF50A31BF74B1D006DBBAE /* LaunchScreen.storyboard */ = {
			isa = PBXVariantGroup;
			children = (
				8EFF50A41BF74B1D006DBBAE /* Base */,
			);
			name = LaunchScreen.storyboard;
			sourceTree = "<group>";
		};
/* End PBXVariantGroup section */

/* Begin XCBuildConfiguration section */
		8EFF50BD1BF74B1D006DBBAE /* Debug */ = {
			isa = XCBuildConfiguration;
			buildSettings = {
				ALWAYS_SEARCH_USER_PATHS = NO;
				CLANG_CXX_LANGUAGE_STANDARD = "gnu++0x";
				CLANG_CXX_LIBRARY = "libc++";
				CLANG_ENABLE_MODULES = YES;
				CLANG_ENABLE_OBJC_ARC = YES;
				CLANG_WARN_BOOL_CONVERSION = YES;
				CLANG_WARN_CONSTANT_CONVERSION = YES;
				CLANG_WARN_DIRECT_OBJC_ISA_USAGE = YES_ERROR;
				CLANG_WARN_EMPTY_BODY = YES;
				CLANG_WARN_ENUM_CONVERSION = YES;
				CLANG_WARN_INT_CONVERSION = YES;
				CLANG_WARN_OBJC_ROOT_CLASS = YES_ERROR;
				CLANG_WARN_UNREACHABLE_CODE = YES;
				CLANG_WARN__DUPLICATE_METHOD_MATCH = YES;
				"CODE_SIGN_IDENTITY[sdk=iphoneos*]" = "iPhone Developer";
				COPY_PHASE_STRIP = NO;
				DEBUG_INFORMATION_FORMAT = dwarf;
				ENABLE_STRICT_OBJC_MSGSEND = YES;
				ENABLE_TESTABILITY = YES;
				GCC_C_LANGUAGE_STANDARD = gnu99;
				GCC_DYNAMIC_NO_PIC = NO;
				GCC_NO_COMMON_BLOCKS = YES;
				GCC_OPTIMIZATION_LEVEL = 0;
				GCC_PREPROCESSOR_DEFINITIONS = (
					"DEBUG=1",
					"$(inherited)",
				);
				GCC_WARN_64_TO_32_BIT_CONVERSION = YES;
				GCC_WARN_ABOUT_RETURN_TYPE = YES_ERROR;
				GCC_WARN_UNDECLARED_SELECTOR = YES;
				GCC_WARN_UNINITIALIZED_AUTOS = YES_AGGRESSIVE;
				GCC_WARN_UNUSED_FUNCTION = YES;
				GCC_WARN_UNUSED_VARIABLE = YES;
				IPHONEOS_DEPLOYMENT_TARGET = 9.1;
				MTL_ENABLE_DEBUG_INFO = YES;
				ONLY_ACTIVE_ARCH = YES;
				SDKROOT = iphoneos;
			};
			name = Debug;
		};
		8EFF50BE1BF74B1D006DBBAE /* Release */ = {
			isa = XCBuildConfiguration;
			buildSettings = {
				ALWAYS_SEARCH_USER_PATHS = NO;
				CLANG_CXX_LANGUAGE_STANDARD = "gnu++0x";
				CLANG_CXX_LIBRARY = "libc++";
				CLANG_ENABLE_MODULES = YES;
				CLANG_ENABLE_OBJC_ARC = YES;
				CLANG_WARN_BOOL_CONVERSION = YES;
				CLANG_WARN_CONSTANT_CONVERSION = YES;
				CLANG_WARN_DIRECT_OBJC_ISA_USAGE = YES_ERROR;
				CLANG_WARN_EMPTY_BODY = YES;
				CLANG_WARN_ENUM_CONVERSION = YES;
				CLANG_WARN_INT_CONVERSION = YES;
				CLANG_WARN_OBJC_ROOT_CLASS = YES_ERROR;
				CLANG_WARN_UNREACHABLE_CODE = YES;
				CLANG_WARN__DUPLICATE_METHOD_MATCH = YES;
				"CODE_SIGN_IDENTITY[sdk=iphoneos*]" = "iPhone Developer";
				COPY_PHASE_STRIP = NO;
				DEBUG_INFORMATION_FORMAT = "dwarf-with-dsym";
				ENABLE_NS_ASSERTIONS = NO;
				ENABLE_STRICT_OBJC_MSGSEND = YES;
				GCC_C_LANGUAGE_STANDARD = gnu99;
				GCC_NO_COMMON_BLOCKS = YES;
				GCC_WARN_64_TO_32_BIT_CONVERSION = YES;
				GCC_WARN_ABOUT_RETURN_TYPE = YES_ERROR;
				GCC_WARN_UNDECLARED_SELECTOR = YES;
				GCC_WARN_UNINITIALIZED_AUTOS = YES_AGGRESSIVE;
				GCC_WARN_UNUSED_FUNCTION = YES;
				GCC_WARN_UNUSED_VARIABLE = YES;
				IPHONEOS_DEPLOYMENT_TARGET = 9.1;
				MTL_ENABLE_DEBUG_INFO = NO;
				SDKROOT = iphoneos;
				VALIDATE_PRODUCT = YES;
			};
			name = Release;
		};
		8EFF50C01BF74B1D006DBBAE /* Debug */ = {
			isa = XCBuildConfiguration;
			buildSettings = {
				ASSETCATALOG_COMPILER_APPICON_NAME = AppIcon;
				INFOPLIST_FILE = "日期格式设置/Info.plist";
				LD_RUNPATH_SEARCH_PATHS = "$(inherited) @executable_path/Frameworks";
				PRODUCT_BUNDLE_IDENTIFIER = "com.zhunjiee.------";
				PRODUCT_NAME = "$(TARGET_NAME)";
			};
			name = Debug;
		};
		8EFF50C11BF74B1D006DBBAE /* Release */ = {
			isa = XCBuildConfiguration;
			buildSettings = {
				ASSETCATALOG_COMPILER_APPICON_NAME = AppIcon;
				INFOPLIST_FILE = "日期格式设置/Info.plist";
				LD_RUNPATH_SEARCH_PATHS = "$(inherited) @executable_path/Frameworks";
				PRODUCT_BUNDLE_IDENTIFIER = "com.zhunjiee.------";
				PRODUCT_NAME = "$(TARGET_NAME)";
			};
			name = Release;
		};
		8EFF50C31BF74B1D006DBBAE /* Debug */ = {
			isa = XCBuildConfiguration;
			buildSettings = {
				BUNDLE_LOADER = "$(TEST_HOST)";
				INFOPLIST_FILE = "日期格式设置Tests/Info.plist";
				LD_RUNPATH_SEARCH_PATHS = "$(inherited) @executable_path/Frameworks @loader_path/Frameworks";
				PRODUCT_BUNDLE_IDENTIFIER = "com.zhunjiee.------Tests";
				PRODUCT_NAME = "$(TARGET_NAME)";
				TEST_HOST = "$(BUILT_PRODUCTS_DIR)/日期格式设置.app/日期格式设置";
			};
			name = Debug;
		};
		8EFF50C41BF74B1D006DBBAE /* Release */ = {
			isa = XCBuildConfiguration;
			buildSettings = {
				BUNDLE_LOADER = "$(TEST_HOST)";
				INFOPLIST_FILE = "日期格式设置Tests/Info.plist";
				LD_RUNPATH_SEARCH_PATHS = "$(inherited) @executable_path/Frameworks @loader_path/Frameworks";
				PRODUCT_BUNDLE_IDENTIFIER = "com.zhunjiee.------Tests";
				PRODUCT_NAME = "$(TARGET_NAME)";
				TEST_HOST = "$(BUILT_PRODUCTS_DIR)/日期格式设置.app/日期格式设置";
			};
			name = Release;
		};
		8EFF50C61BF74B1D006DBBAE /* Debug */ = {
			isa = XCBuildConfiguration;
			buildSettings = {
				INFOPLIST_FILE = "日期格式设置UITests/Info.plist";
				LD_RUNPATH_SEARCH_PATHS = "$(inherited) @executable_path/Frameworks @loader_path/Frameworks";
				PRODUCT_BUNDLE_IDENTIFIER = "com.zhunjiee.------UITests";
				PRODUCT_NAME = "$(TARGET_NAME)";
				TEST_TARGET_NAME = "日期格式设置";
				USES_XCTRUNNER = YES;
			};
			name = Debug;
		};
		8EFF50C71BF74B1D006DBBAE /* Release */ = {
			isa = XCBuildConfiguration;
			buildSettings = {
				INFOPLIST_FILE = "日期格式设置UITests/Info.plist";
				LD_RUNPATH_SEARCH_PATHS = "$(inherited) @executable_path/Frameworks @loader_path/Frameworks";
				PRODUCT_BUNDLE_IDENTIFIER = "com.zhunjiee.------UITests";
				PRODUCT_NAME = "$(TARGET_NAME)";
				TEST_TARGET_NAME = "日期格式设置";
				USES_XCTRUNNER = YES;
			};
			name = Release;
		};
/* End XCBuildConfiguration section */

/* Begin XCConfigurationList section */
		8EFF508D1BF74B1D006DBBAE /* Build configuration list for PBXProject "日期格式设置" */ = {
			isa = XCConfigurationList;
			buildConfigurations = (
				8EFF50BD1BF74B1D006DBBAE /* Debug */,
				8EFF50BE1BF74B1D006DBBAE /* Release */,
			);
			defaultConfigurationIsVisible = 0;
			defaultConfigurationName = Release;
		};
		8EFF50BF1BF74B1D006DBBAE /* Build configuration list for PBXNativeTarget "日期格式设置" */ = {
			isa = XCConfigurationList;
			buildConfigurations = (
				8EFF50C01BF74B1D006DBBAE /* Debug */,
				8EFF50C11BF74B1D006DBBAE /* Release */,
			);
			defaultConfigurationIsVisible = 0;
		};
		8EFF50C21BF74B1D006DBBAE /* Build configuration list for PBXNativeTarget "日期格式设置Tests" */ = {
			isa = XCConfigurationList;
			buildConfigurations = (
				8EFF50C31BF74B1D006DBBAE /* Debug */,
				8EFF50C41BF74B1D006DBBAE /* Release */,
			);
			defaultConfigurationIsVisible = 0;
		};
		8EFF50C51BF74B1D006DBBAE /* Build configuration list for PBXNativeTarget "日期格式设置UITests" */ = {
			isa = XCConfigurationList;
			buildConfigurations = (
				8EFF50C61BF74B1D006DBBAE /* Debug */,
				8EFF50C71BF74B1D006DBBAE /* Release */,
			);
			defaultConfigurationIsVisible = 0;
		};
/* End XCConfigurationList section */
	};
	rootObject = 8EFF508A1BF74B1D006DBBAE /* Project object */;
}
